// !$*UTF8*$!
{
	archiveVersion = 1;
	classes = {
	};
	objectVersion = 46;
	objects = {

/* Begin PBXBuildFile section */
		006D720419952D00008149E2 /* AVFoundation.framework in Frameworks */ = {isa = PBXBuildFile; fileRef = 006D720219952D00008149E2 /* AVFoundation.framework */; };
		006D720519952D00008149E2 /* CoreMedia.framework in Frameworks */ = {isa = PBXBuildFile; fileRef = 006D720319952D00008149E2 /* CoreMedia.framework */; };
		0091D8F90E81B9330029341E /* OpenGL.framework in Frameworks */ = {isa = PBXBuildFile; fileRef = 0091D8F80E81B9330029341E /* OpenGL.framework */; };
		00B784B30FF439BC000DE1D7 /* Accelerate.framework in Frameworks */ = {isa = PBXBuildFile; fileRef = 00B784AF0FF439BC000DE1D7 /* Accelerate.framework */; };
		00B784B40FF439BC000DE1D7 /* AudioToolbox.framework in Frameworks */ = {isa = PBXBuildFile; fileRef = 00B784B00FF439BC000DE1D7 /* AudioToolbox.framework */; };
		00B784B50FF439BC000DE1D7 /* AudioUnit.framework in Frameworks */ = {isa = PBXBuildFile; fileRef = 00B784B10FF439BC000DE1D7 /* AudioUnit.framework */; };
		00B784B60FF439BC000DE1D7 /* CoreAudio.framework in Frameworks */ = {isa = PBXBuildFile; fileRef = 00B784B20FF439BC000DE1D7 /* CoreAudio.framework */; };
		00B9955A1B128DF400A5C623 /* IOKit.framework in Frameworks */ = {isa = PBXBuildFile; fileRef = 00B995581B128DF400A5C623 /* IOKit.framework */; };
		00B9955B1B128DF400A5C623 /* IOSurface.framework in Frameworks */ = {isa = PBXBuildFile; fileRef = 00B995591B128DF400A5C623 /* IOSurface.framework */; };
		5323E6B20EAFCA74003A9687 /* CoreVideo.framework in Frameworks */ = {isa = PBXBuildFile; fileRef = 5323E6B10EAFCA74003A9687 /* CoreVideo.framework */; };
		8D11072F0486CEB800E47090 /* Cocoa.framework in Frameworks */ = {isa = PBXBuildFile; fileRef = 1058C7A1FEA54F0111CA2CBB /* Cocoa.framework */; };
		B0D1E339BE714E73972F17E4 /* UdpSocket.cpp in Sources */ = {isa = PBXBuildFile; fileRef = 41F1F106A0044A3A8590F6F1 /* UdpSocket.cpp */; };
		488D8601A352414E83A2FB0A /* NetworkingUtils.cpp in Sources */ = {isa = PBXBuildFile; fileRef = AFB8A81D251B4734B3E1B2AF /* NetworkingUtils.cpp */; };
		2691411F49AB4021A492BD9C /* OscTypes.h in Headers */ = {isa = PBXBuildFile; fileRef = DC9DDDEC50674E11AF00C86E /* OscTypes.h */; };
		B44116FB991E4DDCB7A30A03 /* OscReceivedElements.h in Headers */ = {isa = PBXBuildFile; fileRef = A30D4F3C71364806B507D875 /* OscReceivedElements.h */; };
		59E94BDEE01F423FA299B6DC /* OscPrintReceivedElements.h in Headers */ = {isa = PBXBuildFile; fileRef = 68C1082D653041DAB3E01791 /* OscPrintReceivedElements.h */; };
		B2E2E1D06AA64A2C9ED49BBE /* OscPacketListener.h in Headers */ = {isa = PBXBuildFile; fileRef = DB6D822E749A4F22B95052D5 /* OscPacketListener.h */; };
		124F9E2DFC5347D9B09499DA /* OscOutboundPacketStream.h in Headers */ = {isa = PBXBuildFile; fileRef = DC397D1545494E87AF07842E /* OscOutboundPacketStream.h */; };
		2D0CD0742A6F4AA999EFE52C /* OscHostEndianness.h in Headers */ = {isa = PBXBuildFile; fileRef = 047AED48791F4C3AA1B210A4 /* OscHostEndianness.h */; };
		5DCD712765AA4C3BBA3B0E84 /* OscException.h in Headers */ = {isa = PBXBuildFile; fileRef = BBA0DFBF2D424092A633D2FB /* OscException.h */; };
		12545B09452747CDB53F5378 /* MessageMappingOscPacketListener.h in Headers */ = {isa = PBXBuildFile; fileRef = A035246DF67B4336B6304533 /* MessageMappingOscPacketListener.h */; };
		FE920F9E5AEA4AB8B4C1ED7B /* UdpSocket.h in Headers */ = {isa = PBXBuildFile; fileRef = 238E047FF21F44ED8D1A94A7 /* UdpSocket.h */; };
		574F0A0CE8EE43689AB53D1C /* TimerListener.h in Headers */ = {isa = PBXBuildFile; fileRef = A13E472DE6194BD29E344BC3 /* TimerListener.h */; };
		7859EE69F7AA4ECF9695887E /* PacketListener.h in Headers */ = {isa = PBXBuildFile; fileRef = BF9EEAB635AE45A2918619C6 /* PacketListener.h */; };
		120FA1D1779A4DA8AF72395B /* NetworkingUtils.h in Headers */ = {isa = PBXBuildFile; fileRef = 0D78A8BBF07C47538D3C8030 /* NetworkingUtils.h */; };
		4F4AF396DB9843C3B8D0FB9E /* IpEndpointName.h in Headers */ = {isa = PBXBuildFile; fileRef = C13B0A3224294B2288026C77 /* IpEndpointName.h */; };
		723B626698D34E1C976A8E84 /* OscSender.h in Headers */ = {isa = PBXBuildFile; fileRef = F6FF3B27149C4C16B660D598 /* OscSender.h */; };
		51DF1A1B56794B338D9C5654 /* OscMessage.h in Headers */ = {isa = PBXBuildFile; fileRef = 2BED2CC4657840D89F65870C /* OscMessage.h */; };
		7782228D9CDC40AEA7C4306E /* OscListener.h in Headers */ = {isa = PBXBuildFile; fileRef = 4893C235696B4C0A8C65A5D7 /* OscListener.h */; };
		65540DA8B4BF4397876211FA /* OscBundle.h in Headers */ = {isa = PBXBuildFile; fileRef = 6DF29DCE507642A9B2AA148F /* OscBundle.h */; };
		B0B9E0B191B24C8B99010AED /* OscArg.h in Headers */ = {isa = PBXBuildFile; fileRef = 4A8E347AA5344362AD0FED93 /* OscArg.h */; };
		4050F4BEE6DD4D499C623145 /* OscTypes.cpp in Sources */ = {isa = PBXBuildFile; fileRef = 012447F559ED47CCB81272F8 /* OscTypes.cpp */; };
		92CAA1B00A04436181106C03 /* OscReceivedElements.cpp in Sources */ = {isa = PBXBuildFile; fileRef = 6C4AED0C2C7248AB92C3E478 /* OscReceivedElements.cpp */; };
		B19C86006B534607A871F4A4 /* OscPrintReceivedElements.cpp in Sources */ = {isa = PBXBuildFile; fileRef = 8C804612B59449708B59EDA0 /* OscPrintReceivedElements.cpp */; };
		FD4D2243DDDA47649AA6C798 /* OscOutboundPacketStream.cpp in Sources */ = {isa = PBXBuildFile; fileRef = B30D163B99894F73BE0E948E /* OscOutboundPacketStream.cpp */; };
		A4A679C029E642C0AAB3131A /* IpEndpointName.cpp in Sources */ = {isa = PBXBuildFile; fileRef = 4A6B2BFDB1794B1395E5988C /* IpEndpointName.cpp */; };
		0FF3FCC77EE64EB1BCF095F0 /* OscSender.cpp in Sources */ = {isa = PBXBuildFile; fileRef = AB75B1758BCF4C2BB81107FE /* OscSender.cpp */; };
		00CDAD46F18E4EE8B5E61143 /* OscMessage.cpp in Sources */ = {isa = PBXBuildFile; fileRef = 1B5A503741814210A6247BF3 /* OscMessage.cpp */; };
		E97F14159C7D4462B77D317C /* OscListener.cpp in Sources */ = {isa = PBXBuildFile; fileRef = 0521FF7B4E9E4BE3AF4FD62B /* OscListener.cpp */; };
		402AE536B5EA4075A60BD175 /* OscBundle.cpp in Sources */ = {isa = PBXBuildFile; fileRef = F0872046DD14433DB76305F5 /* OscBundle.cpp */; };
		8F65C4EDBD7C4EAE88D6A4E5 /* WebSocketServer.h in Headers */ = {isa = PBXBuildFile; fileRef = E6031390DCA348C2A786F1FD /* WebSocketServer.h */; };
		8871FACEFE184AEFB4CF2F4D /* WebSocketConnection.h in Headers */ = {isa = PBXBuildFile; fileRef = 2B440C11C53B4B9BBD1562E3 /* WebSocketConnection.h */; };
		1CBD6E83279A48AC8E124E5B /* WebSocketClient.h in Headers */ = {isa = PBXBuildFile; fileRef = 1167E08F3A764D2CA11865CF /* WebSocketClient.h */; };
		242A494440534E39A5436F92 /* WebSocketServer.cpp in Sources */ = {isa = PBXBuildFile; fileRef = C5E1C6280995462F99D8D045 /* WebSocketServer.cpp */; };
		4E66A6AE58F445F7A100D821 /* WebSocketConnection.cpp in Sources */ = {isa = PBXBuildFile; fileRef = 6C627FCF6BF6497F93352754 /* WebSocketConnection.cpp */; };
		92764656CD474D788ECF22C8 /* WebSocketClient.cpp in Sources */ = {isa = PBXBuildFile; fileRef = 6371C13EAA254724B2456DD3 /* WebSocketClient.cpp */; };
		541C80F844474BED9347C85E /* WarpPerspectiveBilinear.cpp in Sources */ = {isa = PBXBuildFile; fileRef = 648F9B66B1DF46B8872A301B /* WarpPerspectiveBilinear.cpp */; };
		2E7D0183D9EC4DE9973AF0FA /* WarpPerspective.cpp in Sources */ = {isa = PBXBuildFile; fileRef = 5BF400235B874EA9BF412C77 /* WarpPerspective.cpp */; };
		ED04753DB9AF4A228694F817 /* WarpBilinear.cpp in Sources */ = {isa = PBXBuildFile; fileRef = 5884BC271B104E45B5E154C9 /* WarpBilinear.cpp */; };
		ED206065B0484E508077CED8 /* Warp.cpp in Sources */ = {isa = PBXBuildFile; fileRef = EF905E02CA0042878EDEDEBB /* Warp.cpp */; };
		0993466DDE6A45BF8FCB037E /* Warp.h in Headers */ = {isa = PBXBuildFile; fileRef = A46697B58C4B4089A591A17D /* Warp.h */; };
		B0FE5EF1A0E74FF9BD2236E6 /* CoreMIDI.framework in Frameworks */ = {isa = PBXBuildFile; fileRef = 3FF4F48F00424B7B90060AED /* CoreMIDI.framework */; };
		8AD4FDDD7B3D4855BE2F2C88 /* RtMidi.cpp in Sources */ = {isa = PBXBuildFile; fileRef = 70B8EFB1F3574C45AEC40337 /* RtMidi.cpp */; };
		C5CD5C63A6F14F4BBE5D5FF8 /* MidiOut.cpp in Sources */ = {isa = PBXBuildFile; fileRef = 68FCA6CD600F44FCA4151710 /* MidiOut.cpp */; };
		A349E1FC8B0C40C68F41AED0 /* MidiMessage.cpp in Sources */ = {isa = PBXBuildFile; fileRef = 128FC7098764458CB5B51D9D /* MidiMessage.cpp */; };
		D736C03A9C7C46CEB26642FB /* MidiIn.cpp in Sources */ = {isa = PBXBuildFile; fileRef = 05FE6DBF041440B583F7ACE9 /* MidiIn.cpp */; };
		3D4AD57EA6FA4DD99B81772E /* MidiHub.cpp in Sources */ = {isa = PBXBuildFile; fileRef = AEEA7FF1CDDE4FE5A493EB48 /* MidiHub.cpp */; };
		F998BA6C7F3F47D391B83204 /* RtMidi.h in Headers */ = {isa = PBXBuildFile; fileRef = 624E653691AC4C2B924F6403 /* RtMidi.h */; };
		DC8AA322600A487CB26A0723 /* RtError.h in Headers */ = {isa = PBXBuildFile; fileRef = B9DEFA6B90AA4D92B77552C7 /* RtError.h */; };
		FDEA9039E2674AD384624AC4 /* MidiOut.h in Headers */ = {isa = PBXBuildFile; fileRef = 9C2372D1D28B4C779ABCB6D6 /* MidiOut.h */; };
		136B1706126D4C6CA02D936A /* MidiMessage.h in Headers */ = {isa = PBXBuildFile; fileRef = CD5DF93AAD7C4115AAE23AFD /* MidiMessage.h */; };
		1268254716C14469935E698F /* MidiIn.h in Headers */ = {isa = PBXBuildFile; fileRef = 2C1C0D2FA58648BC9B0C276B /* MidiIn.h */; };
		E903C882482D49F4A5E4ACDE /* MidiHub.h in Headers */ = {isa = PBXBuildFile; fileRef = 1D5ABACD8E2646CABF0DB5AD /* MidiHub.h */; };
		2AF17AF305794BB6884BD696 /* MidiHeaders.h in Headers */ = {isa = PBXBuildFile; fileRef = C4415159BCA549BEA25F1FAE /* MidiHeaders.h */; };
		93907F5BC2354994A2ACD799 /* MidiExceptions.h in Headers */ = {isa = PBXBuildFile; fileRef = 6A03EDAEB371459BB3196EB8 /* MidiExceptions.h */; };
		4F7ED33DBB5A4B56A40DD73D /* MidiConstants.h in Headers */ = {isa = PBXBuildFile; fileRef = 2A764C6DCF4346E2B2907369 /* MidiConstants.h */; };
		78088C4D971A45B2885084CB /* imgui_demo.cpp in Sources */ = {isa = PBXBuildFile; fileRef = 7D4DC20DC0FC4790ADAA43A5 /* imgui_demo.cpp */; };
		3836ADAD563C4BD0BC063312 /* imgui_draw.cpp in Sources */ = {isa = PBXBuildFile; fileRef = F36EC357CB3B4179B7F698A8 /* imgui_draw.cpp */; };
		13A507F8774349E6B7DDBC69 /* imgui.cpp in Sources */ = {isa = PBXBuildFile; fileRef = C78DA30692E7411684C03BB1 /* imgui.cpp */; };
		CB88F68A0A08462CA3032AED /* CinderImGui.cpp in Sources */ = {isa = PBXBuildFile; fileRef = 25D93193711547CDA246BA79 /* CinderImGui.cpp */; };
		CA4161306ADE49FFA77355A4 /* imgui_internal.h in Headers */ = {isa = PBXBuildFile; fileRef = 9E634666AF2040F482B86CCC /* imgui_internal.h */; };
		200526DD65354F4EB1D65847 /* imgui.h in Headers */ = {isa = PBXBuildFile; fileRef = 25CCC066334344C483FA0371 /* imgui.h */; };
		A103B6693095411E81E1D14E /* imconfig.h in Headers */ = {isa = PBXBuildFile; fileRef = DFC5F4C347B34AF49F897ACF /* imconfig.h */; };
		EF268575DFF14DC0B88BC19B /* imgui_user.inl in Headers */ = {isa = PBXBuildFile; fileRef = 8AC6B5B1D0D046E0A8DA6646 /* imgui_user.inl */; };
		A2B0AA0310664945BE2FCEA4 /* imgui_user.h in Headers */ = {isa = PBXBuildFile; fileRef = C3AEB3C7159D41F3B63489BA /* imgui_user.h */; };
		7BB765B03DD84C8C9F75CE40 /* CinderImGui.h in Headers */ = {isa = PBXBuildFile; fileRef = 9322F91BD55947D5BF827123 /* CinderImGui.h */; };
		205A77B6C97244C98F5CBA30 /* QuickTime.framework in Frameworks */ = {isa = PBXBuildFile; fileRef = 400E88B21F8D43E79A773E33 /* QuickTime.framework */; };
		20193D7672984D3D8910B3A4 /* ScaledCoCgYToRGBA.frag in Resources */ = {isa = PBXBuildFile; fileRef = B39FC22C5A3C4193AA6C69A7 /* ScaledCoCgYToRGBA.frag */; };
		CF9933F62C004B3DB0A5BA20 /* ScaledCoCgYToRGBA.vert in Resources */ = {isa = PBXBuildFile; fileRef = 16216A69869443E28767BAA9 /* ScaledCoCgYToRGBA.vert */; };
		70FBE7EE1151409EBE27EFB1 /* MovieHap.h in Headers */ = {isa = PBXBuildFile; fileRef = A7BC5ED226D84E2D87E830F9 /* MovieHap.h */; };
		1E87DD63200B41C2897E2FCA /* HapSupport.h in Headers */ = {isa = PBXBuildFile; fileRef = C3EE6A1D3EF0487BA001808D /* HapSupport.h */; };
		760EEFAD72B241C995A2125C /* HapSupport.c in Sources */ = {isa = PBXBuildFile; fileRef = 416FFDD3132542FCA0B803CE /* HapSupport.c */; };
		E590A850A4674CF8A88FBC97 /* MovieHap.cpp in Sources */ = {isa = PBXBuildFile; fileRef = 72145237D05846A18D9F0D08 /* MovieHap.cpp */; };
		3662DCD3D4684B959E623C48 /* MixNMapApp.cpp in Sources */ = {isa = PBXBuildFile; fileRef = B3D3FEB3F5E04EC8AAA471A4 /* MixNMapApp.cpp */; };
		F07DC611826A47E3916A9205 /* MixNMap_Prefix.pch in Headers */ = {isa = PBXBuildFile; fileRef = 8A63E48D3A1646D990D8C747 /* MixNMap_Prefix.pch */; };
		90A12323F83D41E2A84017CB /* CinderApp.icns in Resources */ = {isa = PBXBuildFile; fileRef = C39424B1D40543ED9E216C43 /* CinderApp.icns */; };
		CB23CA568BD041FC8B827127 /* Resources.h in Headers */ = {isa = PBXBuildFile; fileRef = 833809C9A005404CAD63B870 /* Resources.h */; };
/* End PBXBuildFile section */

/* Begin PBXFileReference section */
		006D720219952D00008149E2 /* AVFoundation.framework */ = {isa = PBXFileReference; lastKnownFileType = wrapper.framework; name = AVFoundation.framework; path = System/Library/Frameworks/AVFoundation.framework; sourceTree = SDKROOT; };
		006D720319952D00008149E2 /* CoreMedia.framework */ = {isa = PBXFileReference; lastKnownFileType = wrapper.framework; name = CoreMedia.framework; path = System/Library/Frameworks/CoreMedia.framework; sourceTree = SDKROOT; };
		0091D8F80E81B9330029341E /* OpenGL.framework */ = {isa = PBXFileReference; lastKnownFileType = wrapper.framework; name = OpenGL.framework; path = /System/Library/Frameworks/OpenGL.framework; sourceTree = "<absolute>"; };
		00B784AF0FF439BC000DE1D7 /* Accelerate.framework */ = {isa = PBXFileReference; lastKnownFileType = wrapper.framework; name = Accelerate.framework; path = System/Library/Frameworks/Accelerate.framework; sourceTree = SDKROOT; };
		00B784B00FF439BC000DE1D7 /* AudioToolbox.framework */ = {isa = PBXFileReference; lastKnownFileType = wrapper.framework; name = AudioToolbox.framework; path = System/Library/Frameworks/AudioToolbox.framework; sourceTree = SDKROOT; };
		00B784B10FF439BC000DE1D7 /* AudioUnit.framework */ = {isa = PBXFileReference; lastKnownFileType = wrapper.framework; name = AudioUnit.framework; path = System/Library/Frameworks/AudioUnit.framework; sourceTree = SDKROOT; };
		00B784B20FF439BC000DE1D7 /* CoreAudio.framework */ = {isa = PBXFileReference; lastKnownFileType = wrapper.framework; name = CoreAudio.framework; path = System/Library/Frameworks/CoreAudio.framework; sourceTree = SDKROOT; };
		00B995581B128DF400A5C623 /* IOKit.framework */ = {isa = PBXFileReference; lastKnownFileType = wrapper.framework; name = IOKit.framework; path = System/Library/Frameworks/IOKit.framework; sourceTree = SDKROOT; };
		00B995591B128DF400A5C623 /* IOSurface.framework */ = {isa = PBXFileReference; lastKnownFileType = wrapper.framework; name = IOSurface.framework; path = System/Library/Frameworks/IOSurface.framework; sourceTree = SDKROOT; };
		1058C7A1FEA54F0111CA2CBB /* Cocoa.framework */ = {isa = PBXFileReference; lastKnownFileType = wrapper.framework; name = Cocoa.framework; path = /System/Library/Frameworks/Cocoa.framework; sourceTree = "<absolute>"; };
		29B97324FDCFA39411CA2CEA /* AppKit.framework */ = {isa = PBXFileReference; lastKnownFileType = wrapper.framework; name = AppKit.framework; path = /System/Library/Frameworks/AppKit.framework; sourceTree = "<absolute>"; };
		29B97325FDCFA39411CA2CEA /* Foundation.framework */ = {isa = PBXFileReference; lastKnownFileType = wrapper.framework; name = Foundation.framework; path = /System/Library/Frameworks/Foundation.framework; sourceTree = "<absolute>"; };
		5323E6B10EAFCA74003A9687 /* CoreVideo.framework */ = {isa = PBXFileReference; lastKnownFileType = wrapper.framework; name = CoreVideo.framework; path = /System/Library/Frameworks/CoreVideo.framework; sourceTree = "<absolute>"; };
		8D1107320486CEB800E47090 /* MixNMap.app */ = {isa = PBXFileReference; explicitFileType = wrapper.application; includeInIndex = 0; path = MixNMap.app; sourceTree = BUILT_PRODUCTS_DIR; };
		833809C9A005404CAD63B870 /* Resources.h */ = {isa = PBXFileReference; lastKnownFileType = sourcecode.c.h; path = ../include/Resources.h; sourceTree = "<group>"; name = Resources.h; };
		C39424B1D40543ED9E216C43 /* CinderApp.icns */ = {isa = PBXFileReference; lastKnownFileType = image.icns; path = ../resources/CinderApp.icns; sourceTree = "<group>"; name = CinderApp.icns; };
		4256F7CCCA794722B346D516 /* Info.plist */ = {isa = PBXFileReference; lastKnownFileType = text.plist.xml; path = Info.plist; sourceTree = "<group>"; name = Info.plist; };
		8A63E48D3A1646D990D8C747 /* MixNMap_Prefix.pch */ = {isa = PBXFileReference; lastKnownFileType = "\"\""; path = MixNMap_Prefix.pch; sourceTree = "<group>"; name = MixNMap_Prefix.pch; };
		B3D3FEB3F5E04EC8AAA471A4 /* MixNMapApp.cpp */ = {isa = PBXFileReference; lastKnownFileType = sourcecode.c.cpp; path = ../src/MixNMapApp.cpp; sourceTree = "<group>"; name = MixNMapApp.cpp; };
		72145237D05846A18D9F0D08 /* MovieHap.cpp */ = {isa = PBXFileReference; lastKnownFileType = sourcecode.c.cpp; path = "../../../blocks/Cinder-Hap2/src/MovieHap.cpp"; sourceTree = "<group>"; name = MovieHap.cpp; };
		416FFDD3132542FCA0B803CE /* HapSupport.c */ = {isa = PBXFileReference; lastKnownFileType = "\"\""; path = "../../../blocks/Cinder-Hap2/src/HapSupport.c"; sourceTree = "<group>"; name = HapSupport.c; };
		C3EE6A1D3EF0487BA001808D /* HapSupport.h */ = {isa = PBXFileReference; lastKnownFileType = sourcecode.c.h; path = "../../../blocks/Cinder-Hap2/src/HapSupport.h"; sourceTree = "<group>"; name = HapSupport.h; };
		A7BC5ED226D84E2D87E830F9 /* MovieHap.h */ = {isa = PBXFileReference; lastKnownFileType = sourcecode.c.h; path = "../../../blocks/Cinder-Hap2/src/MovieHap.h"; sourceTree = "<group>"; name = MovieHap.h; };
		16216A69869443E28767BAA9 /* ScaledCoCgYToRGBA.vert */ = {isa = PBXFileReference; lastKnownFileType = "\"\""; path = "../../../blocks/Cinder-Hap2/resources/ScaledCoCgYToRGBA.vert"; sourceTree = "<group>"; name = ScaledCoCgYToRGBA.vert; };
		B39FC22C5A3C4193AA6C69A7 /* ScaledCoCgYToRGBA.frag */ = {isa = PBXFileReference; lastKnownFileType = "\"\""; path = "../../../blocks/Cinder-Hap2/resources/ScaledCoCgYToRGBA.frag"; sourceTree = "<group>"; name = ScaledCoCgYToRGBA.frag; };
		400E88B21F8D43E79A773E33 /* QuickTime.framework */ = {isa = PBXFileReference; lastKnownFileType = wrapper.framework; path = System/Library/Frameworks/QuickTime.framework; sourceTree = SDKROOT; name = QuickTime.framework; };
		9322F91BD55947D5BF827123 /* CinderImGui.h */ = {isa = PBXFileReference; lastKnownFileType = sourcecode.c.h; path = "../../../blocks/Cinder-ImGui/include/CinderImGui.h"; sourceTree = "<group>"; name = CinderImGui.h; };
		C3AEB3C7159D41F3B63489BA /* imgui_user.h */ = {isa = PBXFileReference; lastKnownFileType = sourcecode.c.h; path = "../../../blocks/Cinder-ImGui/include/imgui_user.h"; sourceTree = "<group>"; name = imgui_user.h; };
		8AC6B5B1D0D046E0A8DA6646 /* imgui_user.inl */ = {isa = PBXFileReference; lastKnownFileType = "\"\""; path = "../../../blocks/Cinder-ImGui/include/imgui_user.inl"; sourceTree = "<group>"; name = imgui_user.inl; };
		DFC5F4C347B34AF49F897ACF /* imconfig.h */ = {isa = PBXFileReference; lastKnownFileType = sourcecode.c.h; path = "../../../blocks/Cinder-ImGui/lib/imgui/imconfig.h"; sourceTree = "<group>"; name = imconfig.h; };
		25CCC066334344C483FA0371 /* imgui.h */ = {isa = PBXFileReference; lastKnownFileType = sourcecode.c.h; path = "../../../blocks/Cinder-ImGui/lib/imgui/imgui.h"; sourceTree = "<group>"; name = imgui.h; };
		9E634666AF2040F482B86CCC /* imgui_internal.h */ = {isa = PBXFileReference; lastKnownFileType = sourcecode.c.h; path = "../../../blocks/Cinder-ImGui/lib/imgui/imgui_internal.h"; sourceTree = "<group>"; name = imgui_internal.h; };
		25D93193711547CDA246BA79 /* CinderImGui.cpp */ = {isa = PBXFileReference; lastKnownFileType = sourcecode.c.cpp; path = "../../../blocks/Cinder-ImGui/src/CinderImGui.cpp"; sourceTree = "<group>"; name = CinderImGui.cpp; };
		C78DA30692E7411684C03BB1 /* imgui.cpp */ = {isa = PBXFileReference; lastKnownFileType = sourcecode.c.cpp; path = "../../../blocks/Cinder-ImGui/lib/imgui/imgui.cpp"; sourceTree = "<group>"; name = imgui.cpp; };
		F36EC357CB3B4179B7F698A8 /* imgui_draw.cpp */ = {isa = PBXFileReference; lastKnownFileType = sourcecode.c.cpp; path = "../../../blocks/Cinder-ImGui/lib/imgui/imgui_draw.cpp"; sourceTree = "<group>"; name = imgui_draw.cpp; };
		7D4DC20DC0FC4790ADAA43A5 /* imgui_demo.cpp */ = {isa = PBXFileReference; lastKnownFileType = sourcecode.c.cpp; path = "../../../blocks/Cinder-ImGui/lib/imgui/imgui_demo.cpp"; sourceTree = "<group>"; name = imgui_demo.cpp; };
		2A764C6DCF4346E2B2907369 /* MidiConstants.h */ = {isa = PBXFileReference; lastKnownFileType = sourcecode.c.h; path = "../../../blocks/Cinder-MIDI2/include/MidiConstants.h"; sourceTree = "<group>"; name = MidiConstants.h; };
		6A03EDAEB371459BB3196EB8 /* MidiExceptions.h */ = {isa = PBXFileReference; lastKnownFileType = sourcecode.c.h; path = "../../../blocks/Cinder-MIDI2/include/MidiExceptions.h"; sourceTree = "<group>"; name = MidiExceptions.h; };
		C4415159BCA549BEA25F1FAE /* MidiHeaders.h */ = {isa = PBXFileReference; lastKnownFileType = sourcecode.c.h; path = "../../../blocks/Cinder-MIDI2/include/MidiHeaders.h"; sourceTree = "<group>"; name = MidiHeaders.h; };
		1D5ABACD8E2646CABF0DB5AD /* MidiHub.h */ = {isa = PBXFileReference; lastKnownFileType = sourcecode.c.h; path = "../../../blocks/Cinder-MIDI2/include/MidiHub.h"; sourceTree = "<group>"; name = MidiHub.h; };
		2C1C0D2FA58648BC9B0C276B /* MidiIn.h */ = {isa = PBXFileReference; lastKnownFileType = sourcecode.c.h; path = "../../../blocks/Cinder-MIDI2/include/MidiIn.h"; sourceTree = "<group>"; name = MidiIn.h; };
		CD5DF93AAD7C4115AAE23AFD /* MidiMessage.h */ = {isa = PBXFileReference; lastKnownFileType = sourcecode.c.h; path = "../../../blocks/Cinder-MIDI2/include/MidiMessage.h"; sourceTree = "<group>"; name = MidiMessage.h; };
		9C2372D1D28B4C779ABCB6D6 /* MidiOut.h */ = {isa = PBXFileReference; lastKnownFileType = sourcecode.c.h; path = "../../../blocks/Cinder-MIDI2/include/MidiOut.h"; sourceTree = "<group>"; name = MidiOut.h; };
		B9DEFA6B90AA4D92B77552C7 /* RtError.h */ = {isa = PBXFileReference; lastKnownFileType = sourcecode.c.h; path = "../../../blocks/Cinder-MIDI2/lib/RtError.h"; sourceTree = "<group>"; name = RtError.h; };
		624E653691AC4C2B924F6403 /* RtMidi.h */ = {isa = PBXFileReference; lastKnownFileType = sourcecode.c.h; path = "../../../blocks/Cinder-MIDI2/lib/RtMidi.h"; sourceTree = "<group>"; name = RtMidi.h; };
		AEEA7FF1CDDE4FE5A493EB48 /* MidiHub.cpp */ = {isa = PBXFileReference; lastKnownFileType = sourcecode.c.cpp; path = "../../../blocks/Cinder-MIDI2/src/MidiHub.cpp"; sourceTree = "<group>"; name = MidiHub.cpp; };
		05FE6DBF041440B583F7ACE9 /* MidiIn.cpp */ = {isa = PBXFileReference; lastKnownFileType = sourcecode.c.cpp; path = "../../../blocks/Cinder-MIDI2/src/MidiIn.cpp"; sourceTree = "<group>"; name = MidiIn.cpp; };
		128FC7098764458CB5B51D9D /* MidiMessage.cpp */ = {isa = PBXFileReference; lastKnownFileType = sourcecode.c.cpp; path = "../../../blocks/Cinder-MIDI2/src/MidiMessage.cpp"; sourceTree = "<group>"; name = MidiMessage.cpp; };
		68FCA6CD600F44FCA4151710 /* MidiOut.cpp */ = {isa = PBXFileReference; lastKnownFileType = sourcecode.c.cpp; path = "../../../blocks/Cinder-MIDI2/src/MidiOut.cpp"; sourceTree = "<group>"; name = MidiOut.cpp; };
		70B8EFB1F3574C45AEC40337 /* RtMidi.cpp */ = {isa = PBXFileReference; lastKnownFileType = sourcecode.c.cpp; path = "../../../blocks/Cinder-MIDI2/lib/RtMidi.cpp"; sourceTree = "<group>"; name = RtMidi.cpp; };
		3FF4F48F00424B7B90060AED /* CoreMIDI.framework */ = {isa = PBXFileReference; lastKnownFileType = wrapper.framework; path = System/Library/Frameworks/CoreMIDI.framework; sourceTree = SDKROOT; name = CoreMIDI.framework; };
		A46697B58C4B4089A591A17D /* Warp.h */ = {isa = PBXFileReference; lastKnownFileType = sourcecode.c.h; path = "../../../blocks/Cinder-Warping/include/Warp.h"; sourceTree = "<group>"; name = Warp.h; };
		EF905E02CA0042878EDEDEBB /* Warp.cpp */ = {isa = PBXFileReference; lastKnownFileType = sourcecode.c.cpp; path = "../../../blocks/Cinder-Warping/src/Warp.cpp"; sourceTree = "<group>"; name = Warp.cpp; };
		5884BC271B104E45B5E154C9 /* WarpBilinear.cpp */ = {isa = PBXFileReference; lastKnownFileType = sourcecode.c.cpp; path = "../../../blocks/Cinder-Warping/src/WarpBilinear.cpp"; sourceTree = "<group>"; name = WarpBilinear.cpp; };
		5BF400235B874EA9BF412C77 /* WarpPerspective.cpp */ = {isa = PBXFileReference; lastKnownFileType = sourcecode.c.cpp; path = "../../../blocks/Cinder-Warping/src/WarpPerspective.cpp"; sourceTree = "<group>"; name = WarpPerspective.cpp; };
		648F9B66B1DF46B8872A301B /* WarpPerspectiveBilinear.cpp */ = {isa = PBXFileReference; lastKnownFileType = sourcecode.c.cpp; path = "../../../blocks/Cinder-Warping/src/WarpPerspectiveBilinear.cpp"; sourceTree = "<group>"; name = WarpPerspectiveBilinear.cpp; };
		6371C13EAA254724B2456DD3 /* WebSocketClient.cpp */ = {isa = PBXFileReference; lastKnownFileType = sourcecode.c.cpp; path = "../../../blocks/Cinder-WebSocketPP/src/WebSocketClient.cpp"; sourceTree = "<group>"; name = WebSocketClient.cpp; };
		6C627FCF6BF6497F93352754 /* WebSocketConnection.cpp */ = {isa = PBXFileReference; lastKnownFileType = sourcecode.c.cpp; path = "../../../blocks/Cinder-WebSocketPP/src/WebSocketConnection.cpp"; sourceTree = "<group>"; name = WebSocketConnection.cpp; };
		C5E1C6280995462F99D8D045 /* WebSocketServer.cpp */ = {isa = PBXFileReference; lastKnownFileType = sourcecode.c.cpp; path = "../../../blocks/Cinder-WebSocketPP/src/WebSocketServer.cpp"; sourceTree = "<group>"; name = WebSocketServer.cpp; };
		1167E08F3A764D2CA11865CF /* WebSocketClient.h */ = {isa = PBXFileReference; lastKnownFileType = sourcecode.c.h; path = "../../../blocks/Cinder-WebSocketPP/src/WebSocketClient.h"; sourceTree = "<group>"; name = WebSocketClient.h; };
		2B440C11C53B4B9BBD1562E3 /* WebSocketConnection.h */ = {isa = PBXFileReference; lastKnownFileType = sourcecode.c.h; path = "../../../blocks/Cinder-WebSocketPP/src/WebSocketConnection.h"; sourceTree = "<group>"; name = WebSocketConnection.h; };
		E6031390DCA348C2A786F1FD /* WebSocketServer.h */ = {isa = PBXFileReference; lastKnownFileType = sourcecode.c.h; path = "../../../blocks/Cinder-WebSocketPP/src/WebSocketServer.h"; sourceTree = "<group>"; name = WebSocketServer.h; };
		F0872046DD14433DB76305F5 /* OscBundle.cpp */ = {isa = PBXFileReference; lastKnownFileType = sourcecode.c.cpp; path = ../../../blocks/OSC/src/OscBundle.cpp; sourceTree = "<group>"; name = OscBundle.cpp; };
		0521FF7B4E9E4BE3AF4FD62B /* OscListener.cpp */ = {isa = PBXFileReference; lastKnownFileType = sourcecode.c.cpp; path = ../../../blocks/OSC/src/OscListener.cpp; sourceTree = "<group>"; name = OscListener.cpp; };
		1B5A503741814210A6247BF3 /* OscMessage.cpp */ = {isa = PBXFileReference; lastKnownFileType = sourcecode.c.cpp; path = ../../../blocks/OSC/src/OscMessage.cpp; sourceTree = "<group>"; name = OscMessage.cpp; };
		AB75B1758BCF4C2BB81107FE /* OscSender.cpp */ = {isa = PBXFileReference; lastKnownFileType = sourcecode.c.cpp; path = ../../../blocks/OSC/src/OscSender.cpp; sourceTree = "<group>"; name = OscSender.cpp; };
		4A6B2BFDB1794B1395E5988C /* IpEndpointName.cpp */ = {isa = PBXFileReference; lastKnownFileType = sourcecode.c.cpp; path = ../../../blocks/OSC/src/ip/IpEndpointName.cpp; sourceTree = "<group>"; name = IpEndpointName.cpp; };
		B30D163B99894F73BE0E948E /* OscOutboundPacketStream.cpp */ = {isa = PBXFileReference; lastKnownFileType = sourcecode.c.cpp; path = ../../../blocks/OSC/src/osc/OscOutboundPacketStream.cpp; sourceTree = "<group>"; name = OscOutboundPacketStream.cpp; };
		8C804612B59449708B59EDA0 /* OscPrintReceivedElements.cpp */ = {isa = PBXFileReference; lastKnownFileType = sourcecode.c.cpp; path = ../../../blocks/OSC/src/osc/OscPrintReceivedElements.cpp; sourceTree = "<group>"; name = OscPrintReceivedElements.cpp; };
		6C4AED0C2C7248AB92C3E478 /* OscReceivedElements.cpp */ = {isa = PBXFileReference; lastKnownFileType = sourcecode.c.cpp; path = ../../../blocks/OSC/src/osc/OscReceivedElements.cpp; sourceTree = "<group>"; name = OscReceivedElements.cpp; };
		012447F559ED47CCB81272F8 /* OscTypes.cpp */ = {isa = PBXFileReference; lastKnownFileType = sourcecode.c.cpp; path = ../../../blocks/OSC/src/osc/OscTypes.cpp; sourceTree = "<group>"; name = OscTypes.cpp; };
		4A8E347AA5344362AD0FED93 /* OscArg.h */ = {isa = PBXFileReference; lastKnownFileType = sourcecode.c.h; path = ../../../blocks/OSC/src/OscArg.h; sourceTree = "<group>"; name = OscArg.h; };
		6DF29DCE507642A9B2AA148F /* OscBundle.h */ = {isa = PBXFileReference; lastKnownFileType = sourcecode.c.h; path = ../../../blocks/OSC/src/OscBundle.h; sourceTree = "<group>"; name = OscBundle.h; };
		4893C235696B4C0A8C65A5D7 /* OscListener.h */ = {isa = PBXFileReference; lastKnownFileType = sourcecode.c.h; path = ../../../blocks/OSC/src/OscListener.h; sourceTree = "<group>"; name = OscListener.h; };
		2BED2CC4657840D89F65870C /* OscMessage.h */ = {isa = PBXFileReference; lastKnownFileType = sourcecode.c.h; path = ../../../blocks/OSC/src/OscMessage.h; sourceTree = "<group>"; name = OscMessage.h; };
		F6FF3B27149C4C16B660D598 /* OscSender.h */ = {isa = PBXFileReference; lastKnownFileType = sourcecode.c.h; path = ../../../blocks/OSC/src/OscSender.h; sourceTree = "<group>"; name = OscSender.h; };
		C13B0A3224294B2288026C77 /* IpEndpointName.h */ = {isa = PBXFileReference; lastKnownFileType = sourcecode.c.h; path = ../../../blocks/OSC/src/ip/IpEndpointName.h; sourceTree = "<group>"; name = IpEndpointName.h; };
		0D78A8BBF07C47538D3C8030 /* NetworkingUtils.h */ = {isa = PBXFileReference; lastKnownFileType = sourcecode.c.h; path = ../../../blocks/OSC/src/ip/NetworkingUtils.h; sourceTree = "<group>"; name = NetworkingUtils.h; };
		BF9EEAB635AE45A2918619C6 /* PacketListener.h */ = {isa = PBXFileReference; lastKnownFileType = sourcecode.c.h; path = ../../../blocks/OSC/src/ip/PacketListener.h; sourceTree = "<group>"; name = PacketListener.h; };
		A13E472DE6194BD29E344BC3 /* TimerListener.h */ = {isa = PBXFileReference; lastKnownFileType = sourcecode.c.h; path = ../../../blocks/OSC/src/ip/TimerListener.h; sourceTree = "<group>"; name = TimerListener.h; };
		238E047FF21F44ED8D1A94A7 /* UdpSocket.h */ = {isa = PBXFileReference; lastKnownFileType = sourcecode.c.h; path = ../../../blocks/OSC/src/ip/UdpSocket.h; sourceTree = "<group>"; name = UdpSocket.h; };
		A035246DF67B4336B6304533 /* MessageMappingOscPacketListener.h */ = {isa = PBXFileReference; lastKnownFileType = sourcecode.c.h; path = ../../../blocks/OSC/src/osc/MessageMappingOscPacketListener.h; sourceTree = "<group>"; name = MessageMappingOscPacketListener.h; };
		BBA0DFBF2D424092A633D2FB /* OscException.h */ = {isa = PBXFileReference; lastKnownFileType = sourcecode.c.h; path = ../../../blocks/OSC/src/osc/OscException.h; sourceTree = "<group>"; name = OscException.h; };
		047AED48791F4C3AA1B210A4 /* OscHostEndianness.h */ = {isa = PBXFileReference; lastKnownFileType = sourcecode.c.h; path = ../../../blocks/OSC/src/osc/OscHostEndianness.h; sourceTree = "<group>"; name = OscHostEndianness.h; };
		DC397D1545494E87AF07842E /* OscOutboundPacketStream.h */ = {isa = PBXFileReference; lastKnownFileType = sourcecode.c.h; path = ../../../blocks/OSC/src/osc/OscOutboundPacketStream.h; sourceTree = "<group>"; name = OscOutboundPacketStream.h; };
		DB6D822E749A4F22B95052D5 /* OscPacketListener.h */ = {isa = PBXFileReference; lastKnownFileType = sourcecode.c.h; path = ../../../blocks/OSC/src/osc/OscPacketListener.h; sourceTree = "<group>"; name = OscPacketListener.h; };
		68C1082D653041DAB3E01791 /* OscPrintReceivedElements.h */ = {isa = PBXFileReference; lastKnownFileType = sourcecode.c.h; path = ../../../blocks/OSC/src/osc/OscPrintReceivedElements.h; sourceTree = "<group>"; name = OscPrintReceivedElements.h; };
		A30D4F3C71364806B507D875 /* OscReceivedElements.h */ = {isa = PBXFileReference; lastKnownFileType = sourcecode.c.h; path = ../../../blocks/OSC/src/osc/OscReceivedElements.h; sourceTree = "<group>"; name = OscReceivedElements.h; };
		DC9DDDEC50674E11AF00C86E /* OscTypes.h */ = {isa = PBXFileReference; lastKnownFileType = sourcecode.c.h; path = ../../../blocks/OSC/src/osc/OscTypes.h; sourceTree = "<group>"; name = OscTypes.h; };
		AFB8A81D251B4734B3E1B2AF /* NetworkingUtils.cpp */ = {isa = PBXFileReference; lastKnownFileType = sourcecode.c.cpp; path = ../../../blocks/OSC/src/ip/posix/NetworkingUtils.cpp; sourceTree = "<group>"; name = NetworkingUtils.cpp; };
		41F1F106A0044A3A8590F6F1 /* UdpSocket.cpp */ = {isa = PBXFileReference; lastKnownFileType = sourcecode.c.cpp; path = ../../../blocks/OSC/src/ip/posix/UdpSocket.cpp; sourceTree = "<group>"; name = UdpSocket.cpp; };
/* End PBXFileReference section */

/* Begin PBXFrameworksBuildPhase section */
		8D11072E0486CEB800E47090 /* Frameworks */ = {
			isa = PBXFrameworksBuildPhase;
			buildActionMask = 2147483647;
			files = (
				006D720419952D00008149E2 /* AVFoundation.framework in Frameworks */,
				006D720519952D00008149E2 /* CoreMedia.framework in Frameworks */,
				8D11072F0486CEB800E47090 /* Cocoa.framework in Frameworks */,
				0091D8F90E81B9330029341E /* OpenGL.framework in Frameworks */,
				5323E6B20EAFCA74003A9687 /* CoreVideo.framework in Frameworks */,
				00B784B30FF439BC000DE1D7 /* Accelerate.framework in Frameworks */,
				00B784B40FF439BC000DE1D7 /* AudioToolbox.framework in Frameworks */,
				00B784B50FF439BC000DE1D7 /* AudioUnit.framework in Frameworks */,
				00B784B60FF439BC000DE1D7 /* CoreAudio.framework in Frameworks */,
				00B9955A1B128DF400A5C623 /* IOKit.framework in Frameworks */,
				00B9955B1B128DF400A5C623 /* IOSurface.framework in Frameworks */,
				205A77B6C97244C98F5CBA30 /* QuickTime.framework in Frameworks */,
				B0FE5EF1A0E74FF9BD2236E6 /* CoreMIDI.framework in Frameworks */,
			);
			runOnlyForDeploymentPostprocessing = 0;
		};
/* End PBXFrameworksBuildPhase section */

/* Begin PBXGroup section */
		080E96DDFE201D6D7F000001 /* Source */ = {
			isa = PBXGroup;
			children = (
				B3D3FEB3F5E04EC8AAA471A4 /* MixNMapApp.cpp */,
			);
			name = Source;
			sourceTree = "<group>";
		};
		1058C7A0FEA54F0111CA2CBB /* Linked Frameworks */ = {
			isa = PBXGroup;
			children = (
				006D720219952D00008149E2 /* AVFoundation.framework */,
				006D720319952D00008149E2 /* CoreMedia.framework */,
				00B784AF0FF439BC000DE1D7 /* Accelerate.framework */,
				00B784B00FF439BC000DE1D7 /* AudioToolbox.framework */,
				00B784B10FF439BC000DE1D7 /* AudioUnit.framework */,
				00B784B20FF439BC000DE1D7 /* CoreAudio.framework */,
				5323E6B10EAFCA74003A9687 /* CoreVideo.framework */,
				0091D8F80E81B9330029341E /* OpenGL.framework */,
				1058C7A1FEA54F0111CA2CBB /* Cocoa.framework */,
				00B995581B128DF400A5C623 /* IOKit.framework */,
				00B995591B128DF400A5C623 /* IOSurface.framework */,
			);
			name = "Linked Frameworks";
			sourceTree = "<group>";
		};
		1058C7A2FEA54F0111CA2CBB /* Other Frameworks */ = {
			isa = PBXGroup;
			children = (
				29B97324FDCFA39411CA2CEA /* AppKit.framework */,
				29B97325FDCFA39411CA2CEA /* Foundation.framework */,
			);
			name = "Other Frameworks";
			sourceTree = "<group>";
		};
		19C28FACFE9D520D11CA2CBB /* Products */ = {
			isa = PBXGroup;
			children = (
				8D1107320486CEB800E47090 /* MixNMap.app */,
			);
			name = Products;
			sourceTree = "<group>";
		};
		29B97314FDCFA39411CA2CEA /* MixNMap */ = {
			isa = PBXGroup;
			children = (
				01B97315FEAEA392516A2CEA /* Blocks */,
				29B97315FDCFA39411CA2CEA /* Headers */,
				080E96DDFE201D6D7F000001 /* Source */,
				29B97317FDCFA39411CA2CEA /* Resources */,
				29B97323FDCFA39411CA2CEA /* Frameworks */,
				19C28FACFE9D520D11CA2CBB /* Products */,
			);
			name = MixNMap;
			sourceTree = "<group>";
		};
		74F4C7323616416B903712EE /* src */ = {
			isa = PBXGroup;
			children = (
				72145237D05846A18D9F0D08 /* MovieHap.cpp */,
				416FFDD3132542FCA0B803CE /* HapSupport.c */,
				C3EE6A1D3EF0487BA001808D /* HapSupport.h */,
				A7BC5ED226D84E2D87E830F9 /* MovieHap.h */,
			);
			name = src;
			sourceTree = "<group>";
		};
		3D874C6363834AD095841905 /* resources */ = {
			isa = PBXGroup;
			children = (
				16216A69869443E28767BAA9 /* ScaledCoCgYToRGBA.vert */,
				B39FC22C5A3C4193AA6C69A7 /* ScaledCoCgYToRGBA.frag */,
			);
			name = resources;
			sourceTree = "<group>";
		};
		88934F778DA54E6DBAC22F91 /* Cinder-Hap2 */ = {
			isa = PBXGroup;
			children = (
				74F4C7323616416B903712EE /* src */,
				3D874C6363834AD095841905 /* resources */,
			);
			name = "Cinder-Hap2";
			sourceTree = "<group>";
		};
		CD56923A7A804A9D8E900CBB /* include */ = {
			isa = PBXGroup;
			children = (
				9322F91BD55947D5BF827123 /* CinderImGui.h */,
				C3AEB3C7159D41F3B63489BA /* imgui_user.h */,
				8AC6B5B1D0D046E0A8DA6646 /* imgui_user.inl */,
			);
			name = include;
			sourceTree = "<group>";
		};
		B242AC3A9428405988E74C5F /* imgui */ = {
			isa = PBXGroup;
			children = (
				DFC5F4C347B34AF49F897ACF /* imconfig.h */,
				25CCC066334344C483FA0371 /* imgui.h */,
				9E634666AF2040F482B86CCC /* imgui_internal.h */,
				C78DA30692E7411684C03BB1 /* imgui.cpp */,
				F36EC357CB3B4179B7F698A8 /* imgui_draw.cpp */,
				7D4DC20DC0FC4790ADAA43A5 /* imgui_demo.cpp */,
			);
			name = imgui;
			sourceTree = "<group>";
		};
		E54165D808DC4531AC3827B8 /* lib */ = {
			isa = PBXGroup;
			children = (
				B242AC3A9428405988E74C5F /* imgui */,
			);
			name = lib;
			sourceTree = "<group>";
		};
		EB52A452ED504C6293842860 /* src */ = {
			isa = PBXGroup;
			children = (
				25D93193711547CDA246BA79 /* CinderImGui.cpp */,
			);
			name = src;
			sourceTree = "<group>";
		};
		7F5195977DD8461E80E5D827 /* ImGui */ = {
			isa = PBXGroup;
			children = (
				CD56923A7A804A9D8E900CBB /* include */,
				E54165D808DC4531AC3827B8 /* lib */,
				EB52A452ED504C6293842860 /* src */,
			);
			name = ImGui;
			sourceTree = "<group>";
		};
		AF68F51D7CEB41F0A7B57486 /* include */ = {
			isa = PBXGroup;
			children = (
				2A764C6DCF4346E2B2907369 /* MidiConstants.h */,
				6A03EDAEB371459BB3196EB8 /* MidiExceptions.h */,
				C4415159BCA549BEA25F1FAE /* MidiHeaders.h */,
				1D5ABACD8E2646CABF0DB5AD /* MidiHub.h */,
				2C1C0D2FA58648BC9B0C276B /* MidiIn.h */,
				CD5DF93AAD7C4115AAE23AFD /* MidiMessage.h */,
				9C2372D1D28B4C779ABCB6D6 /* MidiOut.h */,
			);
			name = include;
			sourceTree = "<group>";
		};
		F3796C43932043E7A4F2C7D1 /* lib */ = {
			isa = PBXGroup;
			children = (
				B9DEFA6B90AA4D92B77552C7 /* RtError.h */,
				624E653691AC4C2B924F6403 /* RtMidi.h */,
				70B8EFB1F3574C45AEC40337 /* RtMidi.cpp */,
			);
			name = lib;
			sourceTree = "<group>";
		};
		1BD578629A114E068F8B617B /* src */ = {
			isa = PBXGroup;
			children = (
				AEEA7FF1CDDE4FE5A493EB48 /* MidiHub.cpp */,
				05FE6DBF041440B583F7ACE9 /* MidiIn.cpp */,
				128FC7098764458CB5B51D9D /* MidiMessage.cpp */,
				68FCA6CD600F44FCA4151710 /* MidiOut.cpp */,
			);
			name = src;
			sourceTree = "<group>";
		};
		734FD6B7D7364A58A8995296 /* Midi2 */ = {
			isa = PBXGroup;
			children = (
				AF68F51D7CEB41F0A7B57486 /* include */,
				F3796C43932043E7A4F2C7D1 /* lib */,
				1BD578629A114E068F8B617B /* src */,
			);
			name = Midi2;
			sourceTree = "<group>";
		};
		34B4C70961AE40D6B1F19042 /* include */ = {
			isa = PBXGroup;
			children = (
				A46697B58C4B4089A591A17D /* Warp.h */,
			);
			name = include;
			sourceTree = "<group>";
		};
		880F76DBE5D14576AC62CB0A /* src */ = {
			isa = PBXGroup;
			children = (
				EF905E02CA0042878EDEDEBB /* Warp.cpp */,
				5884BC271B104E45B5E154C9 /* WarpBilinear.cpp */,
				5BF400235B874EA9BF412C77 /* WarpPerspective.cpp */,
				648F9B66B1DF46B8872A301B /* WarpPerspectiveBilinear.cpp */,
			);
			name = src;
			sourceTree = "<group>";
		};
		205D0AECDD2B47D39A779D3F /* Cinder-Warping */ = {
			isa = PBXGroup;
			children = (
				34B4C70961AE40D6B1F19042 /* include */,
				880F76DBE5D14576AC62CB0A /* src */,
			);
			name = "Cinder-Warping";
			sourceTree = "<group>";
		};
		74582929ABEC4471B536E23C /* src */ = {
			isa = PBXGroup;
			children = (
				6371C13EAA254724B2456DD3 /* WebSocketClient.cpp */,
				6C627FCF6BF6497F93352754 /* WebSocketConnection.cpp */,
				C5E1C6280995462F99D8D045 /* WebSocketServer.cpp */,
				1167E08F3A764D2CA11865CF /* WebSocketClient.h */,
				2B440C11C53B4B9BBD1562E3 /* WebSocketConnection.h */,
				E6031390DCA348C2A786F1FD /* WebSocketServer.h */,
			);
			name = src;
			sourceTree = "<group>";
		};
		EAA0DBA0806D47588F9ED007 /* Cinder-WebSocketPP */ = {
			isa = PBXGroup;
			children = (
				74582929ABEC4471B536E23C /* src */,
			);
			name = "Cinder-WebSocketPP";
			sourceTree = "<group>";
		};
		CA03033071464850960C8A5C /* posix */ = {
			isa = PBXGroup;
			children = (
				AFB8A81D251B4734B3E1B2AF /* NetworkingUtils.cpp */,
				41F1F106A0044A3A8590F6F1 /* UdpSocket.cpp */,
			);
			name = posix;
			sourceTree = "<group>";
		};
		E0E9C8FA12394FFDBF633462 /* ip */ = {
			isa = PBXGroup;
			children = (
				4A6B2BFDB1794B1395E5988C /* IpEndpointName.cpp */,
				C13B0A3224294B2288026C77 /* IpEndpointName.h */,
				0D78A8BBF07C47538D3C8030 /* NetworkingUtils.h */,
				BF9EEAB635AE45A2918619C6 /* PacketListener.h */,
				A13E472DE6194BD29E344BC3 /* TimerListener.h */,
				238E047FF21F44ED8D1A94A7 /* UdpSocket.h */,
				CA03033071464850960C8A5C /* posix */,
			);
			name = ip;
			sourceTree = "<group>";
		};
		BA44771DA8B949739616F535 /* osc */ = {
			isa = PBXGroup;
			children = (
				B30D163B99894F73BE0E948E /* OscOutboundPacketStream.cpp */,
				8C804612B59449708B59EDA0 /* OscPrintReceivedElements.cpp */,
				6C4AED0C2C7248AB92C3E478 /* OscReceivedElements.cpp */,
				012447F559ED47CCB81272F8 /* OscTypes.cpp */,
				A035246DF67B4336B6304533 /* MessageMappingOscPacketListener.h */,
				BBA0DFBF2D424092A633D2FB /* OscException.h */,
				047AED48791F4C3AA1B210A4 /* OscHostEndianness.h */,
				DC397D1545494E87AF07842E /* OscOutboundPacketStream.h */,
				DB6D822E749A4F22B95052D5 /* OscPacketListener.h */,
				68C1082D653041DAB3E01791 /* OscPrintReceivedElements.h */,
				A30D4F3C71364806B507D875 /* OscReceivedElements.h */,
				DC9DDDEC50674E11AF00C86E /* OscTypes.h */,
			);
			name = osc;
			sourceTree = "<group>";
		};
		3D8179BCBC7144D5BDA51AEA /* src */ = {
			isa = PBXGroup;
			children = (
				F0872046DD14433DB76305F5 /* OscBundle.cpp */,
				0521FF7B4E9E4BE3AF4FD62B /* OscListener.cpp */,
				1B5A503741814210A6247BF3 /* OscMessage.cpp */,
				AB75B1758BCF4C2BB81107FE /* OscSender.cpp */,
				E0E9C8FA12394FFDBF633462 /* ip */,
				BA44771DA8B949739616F535 /* osc */,
				4A8E347AA5344362AD0FED93 /* OscArg.h */,
				6DF29DCE507642A9B2AA148F /* OscBundle.h */,
				4893C235696B4C0A8C65A5D7 /* OscListener.h */,
				2BED2CC4657840D89F65870C /* OscMessage.h */,
				F6FF3B27149C4C16B660D598 /* OscSender.h */,
			);
			name = src;
			sourceTree = "<group>";
		};
		B98A5A6E6980448DA207ADD6 /* OSC */ = {
			isa = PBXGroup;
			children = (
				3D8179BCBC7144D5BDA51AEA /* src */,
			);
			name = OSC;
			sourceTree = "<group>";
		};
		01B97315FEAEA392516A2CEA /* Blocks */ = {
			isa = PBXGroup;
			children = (
				88934F778DA54E6DBAC22F91 /* Cinder-Hap2 */,
				7F5195977DD8461E80E5D827 /* ImGui */,
				734FD6B7D7364A58A8995296 /* Midi2 */,
				205D0AECDD2B47D39A779D3F /* Cinder-Warping */,
				EAA0DBA0806D47588F9ED007 /* Cinder-WebSocketPP */,
				B98A5A6E6980448DA207ADD6 /* OSC */,
			);
			name = Blocks;
			sourceTree = "<group>";
		};
		29B97315FDCFA39411CA2CEA /* Headers */ = {
			isa = PBXGroup;
			children = (
				833809C9A005404CAD63B870 /* Resources.h */,
				8A63E48D3A1646D990D8C747 /* MixNMap_Prefix.pch */,
			);
			name = Headers;
			sourceTree = "<group>";
		};
		29B97317FDCFA39411CA2CEA /* Resources */ = {
			isa = PBXGroup;
			children = (
				C39424B1D40543ED9E216C43 /* CinderApp.icns */,
				4256F7CCCA794722B346D516 /* Info.plist */,
			);
			name = Resources;
			sourceTree = "<group>";
		};
		29B97323FDCFA39411CA2CEA /* Frameworks */ = {
			isa = PBXGroup;
			children = (
				1058C7A0FEA54F0111CA2CBB /* Linked Frameworks */,
				1058C7A2FEA54F0111CA2CBB /* Other Frameworks */,
				400E88B21F8D43E79A773E33 /* QuickTime.framework */,
				3FF4F48F00424B7B90060AED /* CoreMIDI.framework */,
			);
			name = Frameworks;
			sourceTree = "<group>";
		};
/* End PBXGroup section */

/* Begin PBXNativeTarget section */
		8D1107260486CEB800E47090 /* MixNMap */ = {
			isa = PBXNativeTarget;
			buildConfigurationList = C01FCF4A08A954540054247B /* Build configuration list for PBXNativeTarget "MixNMap" */;
			buildPhases = (
				8D1107290486CEB800E47090 /* Resources */,
				8D11072C0486CEB800E47090 /* Sources */,
				8D11072E0486CEB800E47090 /* Frameworks */,
			);
			buildRules = (
			);
			dependencies = (
			);
			name = MixNMap;
			productInstallPath = "$(HOME)/Applications";
			productName = MixNMap;
			productReference = 8D1107320486CEB800E47090 /* MixNMap.app */;
			productType = "com.apple.product-type.application";
		};
/* End PBXNativeTarget section */

/* Begin PBXProject section */
		29B97313FDCFA39411CA2CEA /* Project object */ = {
			isa = PBXProject;
			buildConfigurationList = C01FCF4E08A954540054247B /* Build configuration list for PBXProject "MixNMap" */;
			compatibilityVersion = "Xcode 3.2";
			developmentRegion = English;
			hasScannedForEncodings = 1;
			knownRegions = (
				English,
				Japanese,
				French,
				German,
			);
			mainGroup = 29B97314FDCFA39411CA2CEA /* MixNMap */;
			projectDirPath = "";
			projectRoot = "";
			targets = (
				8D1107260486CEB800E47090 /* MixNMap */,
			);
		};
/* End PBXProject section */

/* Begin PBXResourcesBuildPhase section */
		8D1107290486CEB800E47090 /* Resources */ = {
			isa = PBXResourcesBuildPhase;
			buildActionMask = 2147483647;
			files = (
				90A12323F83D41E2A84017CB /* CinderApp.icns in Resources */,
				CF9933F62C004B3DB0A5BA20 /* ScaledCoCgYToRGBA.vert in Resources */,
				20193D7672984D3D8910B3A4 /* ScaledCoCgYToRGBA.frag in Resources */,
			);
			runOnlyForDeploymentPostprocessing = 0;
		};
/* End PBXResourcesBuildPhase section */

/* Begin PBXSourcesBuildPhase section */
		8D11072C0486CEB800E47090 /* Sources */ = {
			isa = PBXSourcesBuildPhase;
			buildActionMask = 2147483647;
			files = (
				3662DCD3D4684B959E623C48 /* MixNMapApp.cpp in Sources */,
				E590A850A4674CF8A88FBC97 /* MovieHap.cpp in Sources */,
				760EEFAD72B241C995A2125C /* HapSupport.c in Sources */,
				CB88F68A0A08462CA3032AED /* CinderImGui.cpp in Sources */,
				13A507F8774349E6B7DDBC69 /* imgui.cpp in Sources */,
				3836ADAD563C4BD0BC063312 /* imgui_draw.cpp in Sources */,
				78088C4D971A45B2885084CB /* imgui_demo.cpp in Sources */,
				3D4AD57EA6FA4DD99B81772E /* MidiHub.cpp in Sources */,
				D736C03A9C7C46CEB26642FB /* MidiIn.cpp in Sources */,
				A349E1FC8B0C40C68F41AED0 /* MidiMessage.cpp in Sources */,
				C5CD5C63A6F14F4BBE5D5FF8 /* MidiOut.cpp in Sources */,
				8AD4FDDD7B3D4855BE2F2C88 /* RtMidi.cpp in Sources */,
				ED206065B0484E508077CED8 /* Warp.cpp in Sources */,
				ED04753DB9AF4A228694F817 /* WarpBilinear.cpp in Sources */,
				2E7D0183D9EC4DE9973AF0FA /* WarpPerspective.cpp in Sources */,
				541C80F844474BED9347C85E /* WarpPerspectiveBilinear.cpp in Sources */,
				92764656CD474D788ECF22C8 /* WebSocketClient.cpp in Sources */,
				4E66A6AE58F445F7A100D821 /* WebSocketConnection.cpp in Sources */,
				242A494440534E39A5436F92 /* WebSocketServer.cpp in Sources */,
				402AE536B5EA4075A60BD175 /* OscBundle.cpp in Sources */,
				E97F14159C7D4462B77D317C /* OscListener.cpp in Sources */,
				00CDAD46F18E4EE8B5E61143 /* OscMessage.cpp in Sources */,
				0FF3FCC77EE64EB1BCF095F0 /* OscSender.cpp in Sources */,
				A4A679C029E642C0AAB3131A /* IpEndpointName.cpp in Sources */,
				FD4D2243DDDA47649AA6C798 /* OscOutboundPacketStream.cpp in Sources */,
				B19C86006B534607A871F4A4 /* OscPrintReceivedElements.cpp in Sources */,
				92CAA1B00A04436181106C03 /* OscReceivedElements.cpp in Sources */,
				4050F4BEE6DD4D499C623145 /* OscTypes.cpp in Sources */,
				488D8601A352414E83A2FB0A /* NetworkingUtils.cpp in Sources */,
				B0D1E339BE714E73972F17E4 /* UdpSocket.cpp in Sources */,
			);
			runOnlyForDeploymentPostprocessing = 0;
		};
/* End PBXSourcesBuildPhase section */

/* Begin XCBuildConfiguration section */
		C01FCF4B08A954540054247B /* Debug */ = {
			isa = XCBuildConfiguration;
			buildSettings = {
				COMBINE_HIDPI_IMAGES = YES;
				DEAD_CODE_STRIPPING = YES;
				COPY_PHASE_STRIP = NO;
				GCC_DYNAMIC_NO_PIC = NO;
				GCC_INLINES_ARE_PRIVATE_EXTERN = YES;
				GCC_OPTIMIZATION_LEVEL = 0;
				GCC_PREPROCESSOR_DEFINITIONS = (
					"DEBUG=1",
					"$(inherited)",
				);
				GCC_PRECOMPILE_PREFIX_HEADER = YES;
				GCC_PREFIX_HEADER = MixNMap_Prefix.pch;
				GCC_SYMBOLS_PRIVATE_EXTERN = NO;
				INFOPLIST_FILE = Info.plist;
				INSTALL_PATH = "$(HOME)/Applications";
				OTHER_LDFLAGS = "\"$(CINDER_PATH)/lib/libcinder_d.a\"";
				PRODUCT_BUNDLE_IDENTIFIER = "org.libcinder.${PRODUCT_NAME:rfc1034identifier}";
				PRODUCT_NAME = MixNMap;
				SYMROOT = ./build;
				WRAPPER_EXTENSION = app;
			};
			name = Debug;
		};
		C01FCF4C08A954540054247B /* Release */ = {
			isa = XCBuildConfiguration;
			buildSettings = {
				COMBINE_HIDPI_IMAGES = YES;
				DEAD_CODE_STRIPPING = YES;
				DEBUG_INFORMATION_FORMAT = "dwarf-with-dsym";
				GCC_FAST_MATH = YES;
				GCC_GENERATE_DEBUGGING_SYMBOLS = NO;
				GCC_INLINES_ARE_PRIVATE_EXTERN = YES;
				GCC_OPTIMIZATION_LEVEL = 3;
				GCC_PREPROCESSOR_DEFINITIONS = (
					"NDEBUG=1",
					"$(inherited)",
				);
				GCC_PRECOMPILE_PREFIX_HEADER = YES;
				GCC_PREFIX_HEADER = MixNMap_Prefix.pch;
				GCC_SYMBOLS_PRIVATE_EXTERN = NO;
				INFOPLIST_FILE = Info.plist;
				INSTALL_PATH = "$(HOME)/Applications";
				OTHER_LDFLAGS = "\"$(CINDER_PATH)/lib/libcinder.a\"";
				PRODUCT_BUNDLE_IDENTIFIER = "org.libcinder.${PRODUCT_NAME:rfc1034identifier}";
				PRODUCT_NAME = MixNMap;
				STRIP_INSTALLED_PRODUCT = YES;
				SYMROOT = ./build;
				WRAPPER_EXTENSION = app;
			};
			name = Release;
		};
		C01FCF4F08A954540054247B /* Debug */ = {
			isa = XCBuildConfiguration;
			buildSettings = {
				ALWAYS_SEARCH_USER_PATHS = NO;
				CINDER_PATH = "../../..";
				CLANG_CXX_LANGUAGE_STANDARD = "c++11";
				CLANG_CXX_LIBRARY = "libc++";
				ENABLE_TESTABILITY = YES;
				GCC_WARN_ABOUT_RETURN_TYPE = YES;
				GCC_WARN_UNUSED_VARIABLE = YES;
				HEADER_SEARCH_PATHS = (
					"\"$(CINDER_PATH)/include\"",
					"\"../../../blocks/Cinder-WebSocketPP/src\"",
				);
				MACOSX_DEPLOYMENT_TARGET = 10.8;
				ONLY_ACTIVE_ARCH = YES;
				SDKROOT = macosx;
				USER_HEADER_SEARCH_PATHS = (
					"\"$(CINDER_PATH)/include\" ../include",
					"\"../../../blocks/Cinder-Hap2/src\"",
					"\"../../../blocks/Cinder-ImGui/lib\"",
					"\"../../../blocks/Cinder-ImGui/include\"",
					"\"../../../blocks/Cinder-MIDI2/include\"",
					"\"../../../blocks/Cinder-MIDI2/lib\"",
					"\"../../../blocks/Cinder-MIDI2/src\"",
					"\"../../../blocks/Cinder-Warping/include\"",
					../../../blocks/OSC/src,
				);
			};
			name = Debug;
		};
		C01FCF5008A954540054247B /* Release */ = {
			isa = XCBuildConfiguration;
			buildSettings = {
				ALWAYS_SEARCH_USER_PATHS = NO;
				CINDER_PATH = "../../..";
				CLANG_CXX_LANGUAGE_STANDARD = "c++11";
				CLANG_CXX_LIBRARY = "libc++";
				GCC_WARN_ABOUT_RETURN_TYPE = YES;
				GCC_WARN_UNUSED_VARIABLE = YES;
				HEADER_SEARCH_PATHS = (
					"\"$(CINDER_PATH)/include\"",
					"\"../../../blocks/Cinder-WebSocketPP/src\"",
				);
				MACOSX_DEPLOYMENT_TARGET = 10.8;
				SDKROOT = macosx;
				USER_HEADER_SEARCH_PATHS = (
					"\"$(CINDER_PATH)/include\" ../include",
					"\"../../../blocks/Cinder-Hap2/src\"",
					"\"../../../blocks/Cinder-ImGui/lib\"",
					"\"../../../blocks/Cinder-ImGui/include\"",
					"\"../../../blocks/Cinder-MIDI2/include\"",
					"\"../../../blocks/Cinder-MIDI2/lib\"",
					"\"../../../blocks/Cinder-MIDI2/src\"",
					"\"../../../blocks/Cinder-Warping/include\"",
					../../../blocks/OSC/src,
				);
			};
			name = Release;
		};
/* End XCBuildConfiguration section */

/* Begin XCConfigurationList section */
		C01FCF4A08A954540054247B /* Build configuration list for PBXNativeTarget "MixNMap" */ = {
			isa = XCConfigurationList;
			buildConfigurations = (
				C01FCF4B08A954540054247B /* Debug */,
				C01FCF4C08A954540054247B /* Release */,
			);
			defaultConfigurationIsVisible = 0;
			defaultConfigurationName = Release;
		};
		C01FCF4E08A954540054247B /* Build configuration list for PBXProject "MixNMap" */ = {
			isa = XCConfigurationList;
			buildConfigurations = (
				C01FCF4F08A954540054247B /* Debug */,
				C01FCF5008A954540054247B /* Release */,
			);
			defaultConfigurationIsVisible = 0;
			defaultConfigurationName = Release;
		};
/* End XCConfigurationList section */
	};
	rootObject = 29B97313FDCFA39411CA2CEA /* Project object */;
}
