<?xml version="1.0" encoding="utf-8"?>
<Project ToolsVersion="4.0" xmlns="http://schemas.microsoft.com/developer/msbuild/2003">
  <ItemGroup>
    <Filter Include="Source Files">
      <UniqueIdentifier>{4FC737F1-C7A5-4376-A066-2A32D752A2FF}</UniqueIdentifier>
      <Extensions>cpp;c;cc;cxx;def;odl;idl;hpj;bat;asm;asmx</Extensions>
    </Filter>
    <Filter Include="Header Files">
      <UniqueIdentifier>{93995380-89BD-4b04-88EB-625FBE52EBFB}</UniqueIdentifier>
      <Extensions>h;hpp;hxx;hm;inl;inc;xsd</Extensions>
    </Filter>
    <Filter Include="Resource Files">
      <UniqueIdentifier>{67DA6AB6-F800-4c08-8B7A-83BB121AAD01}</UniqueIdentifier>
      <Extensions>rc;ico;cur;bmp;dlg;rc2;rct;bin;rgs;gif;jpg;jpeg;jpe;resx;tiff;tif;png;wav</Extensions>
    </Filter>
    <Filter Include="Blocks">
      <UniqueIdentifier>{16C12D21-868A-41B5-971B-C7D412003476}</UniqueIdentifier>
    </Filter>
    <Filter Include="Blocks\Cinder-Hap2">
      <UniqueIdentifier>{CC344BD2-ED40-4EAD-8E77-1714AC92BDA7}</UniqueIdentifier>
    </Filter>
    <Filter Include="Blocks\Cinder-Hap2\src">
      <UniqueIdentifier>{F39A1FB1-9252-4E72-B5ED-A22AB5A718E0}</UniqueIdentifier>
    </Filter>
    <Filter Include="Blocks\ImGui">
      <UniqueIdentifier>{AAD9F8B7-9F68-4E66-958E-5C139BAB04E0}</UniqueIdentifier>
    </Filter>
    <Filter Include="Blocks\ImGui\include">
      <UniqueIdentifier>{225D7E86-1B9E-4D28-B1D3-D464FB45D1FB}</UniqueIdentifier>
    </Filter>
    <Filter Include="Blocks\ImGui\lib">
      <UniqueIdentifier>{6B277405-440B-4D73-BD74-5D53E6B5392A}</UniqueIdentifier>
    </Filter>
    <Filter Include="Blocks\ImGui\lib\imgui">
      <UniqueIdentifier>{A2F2C4DB-F3BE-407E-8BEC-A68E025BF8A9}</UniqueIdentifier>
    </Filter>
    <Filter Include="Blocks\ImGui\src">
      <UniqueIdentifier>{46F81FC4-3511-4B60-88AD-DD4D7D3C47B5}</UniqueIdentifier>
    </Filter>
    <Filter Include="Blocks\Midi2">
      <UniqueIdentifier>{89B58656-C027-4828-9940-B5310EB189CB}</UniqueIdentifier>
    </Filter>
    <Filter Include="Blocks\Midi2\include">
      <UniqueIdentifier>{0A8A3C6C-2FD4-4A4C-8B3C-8A31DAEC65BD}</UniqueIdentifier>
    </Filter>
    <Filter Include="Blocks\Midi2\lib">
      <UniqueIdentifier>{1A5C2204-256E-434E-9F3D-AEE2E486141B}</UniqueIdentifier>
    </Filter>
    <Filter Include="Blocks\Midi2\src">
      <UniqueIdentifier>{6A8A0A0B-24EC-4129-805E-BCDE70845D0A}</UniqueIdentifier>
    </Filter>
    <Filter Include="Blocks\Reymenta">
      <UniqueIdentifier>{A80F20A1-21C2-432F-98E3-239DE666A11C}</UniqueIdentifier>
    </Filter>
    <Filter Include="Blocks\Reymenta\include">
      <UniqueIdentifier>{023AD297-4304-44A3-B661-75B0FEF01AF4}</UniqueIdentifier>
    </Filter>
    <Filter Include="Blocks\Reymenta\src">
      <UniqueIdentifier>{767EDFD2-0442-4EA0-A274-74BD4F05BF23}</UniqueIdentifier>
    </Filter>
    <Filter Include="Blocks\Cinder-Warping">
      <UniqueIdentifier>{C6818D5E-65B7-4F19-BB22-EAF87B1B3D7C}</UniqueIdentifier>
    </Filter>
    <Filter Include="Blocks\Cinder-Warping\include">
      <UniqueIdentifier>{A02A314F-291F-4838-8F95-024055918F04}</UniqueIdentifier>
    </Filter>
    <Filter Include="Blocks\Cinder-Warping\src">
      <UniqueIdentifier>{720ADC4F-2327-41BF-98B2-9758A185893A}</UniqueIdentifier>
    </Filter>
    <Filter Include="Blocks\Cinder-WebSocketPP">
      <UniqueIdentifier>{EC68EE5E-D4FC-4F32-97CB-9C1B653411D5}</UniqueIdentifier>
    </Filter>
    <Filter Include="Blocks\Cinder-WebSocketPP\src">
      <UniqueIdentifier>{D485AFBD-8382-482D-BD7F-9694AA2CDC4A}</UniqueIdentifier>
    </Filter>
    <Filter Include="Blocks\OSC">
      <UniqueIdentifier>{E2E2768A-3D5E-4D7D-BC59-348B70AF7FAA}</UniqueIdentifier>
    </Filter>
    <Filter Include="Blocks\OSC\src">
      <UniqueIdentifier>{959AC21F-AF96-47F7-86C4-CF2EB81D1B04}</UniqueIdentifier>
    </Filter>
    <Filter Include="Blocks\OSC\src\ip">
      <UniqueIdentifier>{54C0CD41-44F3-4792-9612-A1CBD6D9C8FA}</UniqueIdentifier>
    </Filter>
    <Filter Include="Blocks\OSC\src\osc">
      <UniqueIdentifier>{1B2F6CC2-786D-439F-A77B-AE026245E206}</UniqueIdentifier>
    </Filter>
    <Filter Include="Blocks\OSC\src\ip\win32">
      <UniqueIdentifier>{6C0BB7EB-AFD0-4F29-824B-81062CB13926}</UniqueIdentifier>
    </Filter>
    <Filter Include="assets">
      <UniqueIdentifier>{b1028527-48c0-4bed-b997-6b6f12e2c151}</UniqueIdentifier>
    </Filter>
  </ItemGroup>
  <ItemGroup>
    <ClCompile Include="..\src\MixNMapApp.cpp">
      <Filter>Source Files</Filter>
    </ClCompile>
    <ClInclude Include="..\include\Resources.h">
      <Filter>Header Files</Filter>
    </ClInclude>
    <ClCompile Include="..\src\MixNMapApp.cpp">
      <Filter>Source Files</Filter>
    </ClCompile>
    <ClCompile Include="..\..\..\blocks\Cinder-Hap2\src\MovieHap.cpp">
      <Filter>Blocks\Cinder-Hap2\src</Filter>
    </ClCompile>
    <ClCompile Include="..\..\..\blocks\Cinder-Hap2\src\HapSupport.c">
      <Filter>Blocks\Cinder-Hap2\src</Filter>
    </ClCompile>
    <ClInclude Include="..\..\..\blocks\Cinder-Hap2\src\HapSupport.h">
      <Filter>Blocks\Cinder-Hap2\src</Filter>
    </ClInclude>
    <ClInclude Include="..\..\..\blocks\Cinder-Hap2\src\MovieHap.h">
      <Filter>Blocks\Cinder-Hap2\src</Filter>
    </ClInclude>
    <ClInclude Include="..\..\..\blocks\Cinder-ImGui\include\CinderImGui.h">
      <Filter>Blocks\ImGui\include</Filter>
    </ClInclude>
    <ClInclude Include="..\..\..\blocks\Cinder-ImGui\include\imgui_user.h">
      <Filter>Blocks\ImGui\include</Filter>
    </ClInclude>
    <ClInclude Include="..\..\..\blocks\Cinder-ImGui\include\imgui_user.inl">
      <Filter>Blocks\ImGui\include</Filter>
    </ClInclude>
    <ClInclude Include="..\..\..\blocks\Cinder-ImGui\lib\imgui\imconfig.h">
      <Filter>Blocks\ImGui\lib\imgui</Filter>
    </ClInclude>
    <ClInclude Include="..\..\..\blocks\Cinder-ImGui\lib\imgui\imgui.h">
      <Filter>Blocks\ImGui\lib\imgui</Filter>
    </ClInclude>
    <ClInclude Include="..\..\..\blocks\Cinder-ImGui\lib\imgui\imgui_internal.h">
      <Filter>Blocks\ImGui\lib\imgui</Filter>
    </ClInclude>
    <ClCompile Include="..\..\..\blocks\Cinder-ImGui\src\CinderImGui.cpp">
      <Filter>Blocks\ImGui\src</Filter>
    </ClCompile>
    <ClCompile Include="..\..\..\blocks\Cinder-ImGui\lib\imgui\imgui.cpp">
      <Filter>Blocks\ImGui\lib\imgui</Filter>
    </ClCompile>
    <ClCompile Include="..\..\..\blocks\Cinder-ImGui\lib\imgui\imgui_draw.cpp">
      <Filter>Blocks\ImGui\lib\imgui</Filter>
    </ClCompile>
    <ClCompile Include="..\..\..\blocks\Cinder-ImGui\lib\imgui\imgui_demo.cpp">
      <Filter>Blocks\ImGui\lib\imgui</Filter>
    </ClCompile>
    <ClInclude Include="..\..\..\blocks\Cinder-MIDI2\include\MidiExceptions.h">
      <Filter>Blocks\Midi2\include</Filter>
    </ClInclude>
    <ClInclude Include="..\..\..\blocks\Cinder-MIDI2\include\MidiHub.h">
      <Filter>Blocks\Midi2\include</Filter>
    </ClInclude>
    <ClInclude Include="..\..\..\blocks\Cinder-MIDI2\include\MidiOut.h">
      <Filter>Blocks\Midi2\include</Filter>
    </ClInclude>
    <ClInclude Include="..\..\..\blocks\Cinder-MIDI2\lib\RtMidi.h">
      <Filter>Blocks\Midi2\lib</Filter>
    </ClInclude>
    <ClCompile Include="..\..\..\blocks\Cinder-MIDI2\src\MidiHub.cpp">
      <Filter>Blocks\Midi2\src</Filter>
    </ClCompile>
    <ClCompile Include="..\..\..\blocks\Cinder-MIDI2\src\MidiOut.cpp">
      <Filter>Blocks\Midi2\src</Filter>
    </ClCompile>
    <ClCompile Include="..\..\..\blocks\Cinder-MIDI2\lib\RtMidi.cpp">
      <Filter>Blocks\Midi2\lib</Filter>
    </ClCompile>
    <ClInclude Include="..\..\..\blocks\Cinder-Reymenta\include\AudioWrapper.h">
      <Filter>Blocks\Reymenta\include</Filter>
    </ClInclude>
    <ClInclude Include="..\..\..\blocks\Cinder-Reymenta\include\Batchass.h">
      <Filter>Blocks\Reymenta\include</Filter>
    </ClInclude>
    <ClInclude Include="..\..\..\blocks\Cinder-Reymenta\include\JSONWrapper.h">
      <Filter>Blocks\Reymenta\include</Filter>
    </ClInclude>
    <ClInclude Include="..\..\..\blocks\Cinder-Reymenta\include\Logger.h">
      <Filter>Blocks\Reymenta\include</Filter>
    </ClInclude>
    <ClInclude Include="..\..\..\blocks\Cinder-Reymenta\include\MessageRouter.h">
      <Filter>Blocks\Reymenta\include</Filter>
    </ClInclude>
    <ClInclude Include="..\..\..\blocks\Cinder-Reymenta\include\OSCWrapper.h">
      <Filter>Blocks\Reymenta\include</Filter>
    </ClInclude>
    <ClInclude Include="..\..\..\blocks\Cinder-Reymenta\include\ParameterBag.h">
      <Filter>Blocks\Reymenta\include</Filter>
    </ClInclude>
    <ClInclude Include="..\..\..\blocks\Cinder-Reymenta\include\Shaders.h">
      <Filter>Blocks\Reymenta\include</Filter>
    </ClInclude>
    <ClInclude Include="..\..\..\blocks\Cinder-Reymenta\include\SpoutWrapper.h">
      <Filter>Blocks\Reymenta\include</Filter>
    </ClInclude>
    <ClInclude Include="..\..\..\blocks\Cinder-Reymenta\include\Textures.h">
      <Filter>Blocks\Reymenta\include</Filter>
    </ClInclude>
    <ClInclude Include="..\..\..\blocks\Cinder-Reymenta\include\WarpWrapper.h">
      <Filter>Blocks\Reymenta\include</Filter>
    </ClInclude>
    <ClInclude Include="..\..\..\blocks\Cinder-Reymenta\include\Watchdog.h">
      <Filter>Blocks\Reymenta\include</Filter>
    </ClInclude>
    <ClCompile Include="..\..\..\blocks\Cinder-Reymenta\src\AudioWrapper.cpp">
      <Filter>Blocks\Reymenta\src</Filter>
    </ClCompile>
    <ClCompile Include="..\..\..\blocks\Cinder-Reymenta\src\Batchass.cpp">
      <Filter>Blocks\Reymenta\src</Filter>
    </ClCompile>
    <ClCompile Include="..\..\..\blocks\Cinder-Reymenta\src\JSONWrapper.cpp">
      <Filter>Blocks\Reymenta\src</Filter>
    </ClCompile>
    <ClCompile Include="..\..\..\blocks\Cinder-Reymenta\src\Logger.cpp">
      <Filter>Blocks\Reymenta\src</Filter>
    </ClCompile>
    <ClCompile Include="..\..\..\blocks\Cinder-Reymenta\src\MessageRouter.cpp">
      <Filter>Blocks\Reymenta\src</Filter>
    </ClCompile>
    <ClCompile Include="..\..\..\blocks\Cinder-Reymenta\src\OSCWrapper.cpp">
      <Filter>Blocks\Reymenta\src</Filter>
    </ClCompile>
    <ClCompile Include="..\..\..\blocks\Cinder-Reymenta\src\ParameterBag.cpp">
      <Filter>Blocks\Reymenta\src</Filter>
    </ClCompile>
    <ClCompile Include="..\..\..\blocks\Cinder-Reymenta\src\Shaders.cpp">
      <Filter>Blocks\Reymenta\src</Filter>
    </ClCompile>
    <ClCompile Include="..\..\..\blocks\Cinder-Reymenta\src\SpoutWrapper.cpp">
      <Filter>Blocks\Reymenta\src</Filter>
    </ClCompile>
    <ClCompile Include="..\..\..\blocks\Cinder-Reymenta\src\Textures.cpp">
      <Filter>Blocks\Reymenta\src</Filter>
    </ClCompile>
    <ClCompile Include="..\..\..\blocks\Cinder-Reymenta\src\WarpWrapper.cpp">
      <Filter>Blocks\Reymenta\src</Filter>
    </ClCompile>
    <ClInclude Include="..\..\..\blocks\Cinder-Warping\include\Warp.h">
      <Filter>Blocks\Cinder-Warping\include</Filter>
    </ClInclude>
    <ClCompile Include="..\..\..\blocks\Cinder-Warping\src\Warp.cpp">
      <Filter>Blocks\Cinder-Warping\src</Filter>
    </ClCompile>
    <ClCompile Include="..\..\..\blocks\Cinder-Warping\src\WarpBilinear.cpp">
      <Filter>Blocks\Cinder-Warping\src</Filter>
    </ClCompile>
    <ClCompile Include="..\..\..\blocks\Cinder-Warping\src\WarpPerspective.cpp">
      <Filter>Blocks\Cinder-Warping\src</Filter>
    </ClCompile>
    <ClCompile Include="..\..\..\blocks\Cinder-Warping\src\WarpPerspectiveBilinear.cpp">
      <Filter>Blocks\Cinder-Warping\src</Filter>
    </ClCompile>
    <ClCompile Include="..\..\..\blocks\Cinder-WebSocketPP\src\WebSocketClient.cpp">
      <Filter>Blocks\Cinder-WebSocketPP\src</Filter>
    </ClCompile>
    <ClCompile Include="..\..\..\blocks\Cinder-WebSocketPP\src\WebSocketConnection.cpp">
      <Filter>Blocks\Cinder-WebSocketPP\src</Filter>
    </ClCompile>
    <ClCompile Include="..\..\..\blocks\Cinder-WebSocketPP\src\WebSocketServer.cpp">
      <Filter>Blocks\Cinder-WebSocketPP\src</Filter>
    </ClCompile>
    <ClInclude Include="..\..\..\blocks\Cinder-WebSocketPP\src\WebSocketClient.h">
      <Filter>Blocks\Cinder-WebSocketPP\src</Filter>
    </ClInclude>
    <ClInclude Include="..\..\..\blocks\Cinder-WebSocketPP\src\WebSocketConnection.h">
      <Filter>Blocks\Cinder-WebSocketPP\src</Filter>
    </ClInclude>
    <ClInclude Include="..\..\..\blocks\Cinder-WebSocketPP\src\WebSocketServer.h">
      <Filter>Blocks\Cinder-WebSocketPP\src</Filter>
    </ClInclude>
    <ClCompile Include="..\..\..\blocks\OSC\src\OscBundle.cpp">
      <Filter>Blocks\OSC\src</Filter>
    </ClCompile>
    <ClCompile Include="..\..\..\blocks\OSC\src\OscListener.cpp">
      <Filter>Blocks\OSC\src</Filter>
    </ClCompile>
    <ClCompile Include="..\..\..\blocks\OSC\src\OscMessage.cpp">
      <Filter>Blocks\OSC\src</Filter>
    </ClCompile>
    <ClCompile Include="..\..\..\blocks\OSC\src\OscSender.cpp">
      <Filter>Blocks\OSC\src</Filter>
    </ClCompile>
    <ClCompile Include="..\..\..\blocks\OSC\src\ip\IpEndpointName.cpp">
      <Filter>Blocks\OSC\src\ip</Filter>
    </ClCompile>
    <ClCompile Include="..\..\..\blocks\OSC\src\osc\OscOutboundPacketStream.cpp">
      <Filter>Blocks\OSC\src\osc</Filter>
    </ClCompile>
    <ClCompile Include="..\..\..\blocks\OSC\src\osc\OscPrintReceivedElements.cpp">
      <Filter>Blocks\OSC\src\osc</Filter>
    </ClCompile>
    <ClCompile Include="..\..\..\blocks\OSC\src\osc\OscReceivedElements.cpp">
      <Filter>Blocks\OSC\src\osc</Filter>
    </ClCompile>
    <ClCompile Include="..\..\..\blocks\OSC\src\osc\OscTypes.cpp">
      <Filter>Blocks\OSC\src\osc</Filter>
    </ClCompile>
    <ClInclude Include="..\..\..\blocks\OSC\src\OscArg.h">
      <Filter>Blocks\OSC\src</Filter>
    </ClInclude>
    <ClInclude Include="..\..\..\blocks\OSC\src\OscBundle.h">
      <Filter>Blocks\OSC\src</Filter>
    </ClInclude>
    <ClInclude Include="..\..\..\blocks\OSC\src\OscListener.h">
      <Filter>Blocks\OSC\src</Filter>
    </ClInclude>
    <ClInclude Include="..\..\..\blocks\OSC\src\OscMessage.h">
      <Filter>Blocks\OSC\src</Filter>
    </ClInclude>
    <ClInclude Include="..\..\..\blocks\OSC\src\OscSender.h">
      <Filter>Blocks\OSC\src</Filter>
    </ClInclude>
    <ClInclude Include="..\..\..\blocks\OSC\src\ip\IpEndpointName.h">
      <Filter>Blocks\OSC\src\ip</Filter>
    </ClInclude>
    <ClInclude Include="..\..\..\blocks\OSC\src\ip\NetworkingUtils.h">
      <Filter>Blocks\OSC\src\ip</Filter>
    </ClInclude>
    <ClInclude Include="..\..\..\blocks\OSC\src\ip\PacketListener.h">
      <Filter>Blocks\OSC\src\ip</Filter>
    </ClInclude>
    <ClInclude Include="..\..\..\blocks\OSC\src\ip\TimerListener.h">
      <Filter>Blocks\OSC\src\ip</Filter>
    </ClInclude>
    <ClInclude Include="..\..\..\blocks\OSC\src\ip\UdpSocket.h">
      <Filter>Blocks\OSC\src\ip</Filter>
    </ClInclude>
    <ClInclude Include="..\..\..\blocks\OSC\src\osc\MessageMappingOscPacketListener.h">
      <Filter>Blocks\OSC\src\osc</Filter>
    </ClInclude>
    <ClInclude Include="..\..\..\blocks\OSC\src\osc\OscException.h">
      <Filter>Blocks\OSC\src\osc</Filter>
    </ClInclude>
    <ClInclude Include="..\..\..\blocks\OSC\src\osc\OscHostEndianness.h">
      <Filter>Blocks\OSC\src\osc</Filter>
    </ClInclude>
    <ClInclude Include="..\..\..\blocks\OSC\src\osc\OscOutboundPacketStream.h">
      <Filter>Blocks\OSC\src\osc</Filter>
    </ClInclude>
    <ClInclude Include="..\..\..\blocks\OSC\src\osc\OscPacketListener.h">
      <Filter>Blocks\OSC\src\osc</Filter>
    </ClInclude>
    <ClInclude Include="..\..\..\blocks\OSC\src\osc\OscPrintReceivedElements.h">
      <Filter>Blocks\OSC\src\osc</Filter>
    </ClInclude>
    <ClInclude Include="..\..\..\blocks\OSC\src\osc\OscReceivedElements.h">
      <Filter>Blocks\OSC\src\osc</Filter>
    </ClInclude>
    <ClInclude Include="..\..\..\blocks\OSC\src\osc\OscTypes.h">
      <Filter>Blocks\OSC\src\osc</Filter>
    </ClInclude>
    <ClCompile Include="..\..\..\blocks\OSC\src\ip\win32\NetworkingUtils.cpp">
      <Filter>Blocks\OSC\src\ip\win32</Filter>
    </ClCompile>
    <ClCompile Include="..\..\..\blocks\OSC\src\ip\win32\UdpSocket.cpp">
      <Filter>Blocks\OSC\src\ip\win32</Filter>
    </ClCompile>
    <ClCompile Include="..\..\..\blocks\Cinder-MIDI2\src\CinderMidi.cpp">
      <Filter>Blocks\Midi2\src</Filter>
    </ClCompile>
    <ClCompile Include="..\src\AppConsole.cpp">
      <Filter>Source Files</Filter>
    </ClCompile>
  </ItemGroup>
  <ItemGroup>
    <ClInclude Include="..\include\Resources.h">
      <Filter>Header Files</Filter>
    </ClInclude>
    <ClInclude Include="..\..\..\blocks\Cinder-MIDI2\include\CinderMidi.h">
      <Filter>Blocks\Midi2\include</Filter>
    </ClInclude>
    <ClInclude Include="..\include\AppConsole.h">
      <Filter>Header Files</Filter>
    </ClInclude>
    <ClInclude Include="..\include\MixNMapApp.h">
      <Filter>Header Files</Filter>
    </ClInclude>
  </ItemGroup>
  <ItemGroup>
    <ResourceCompile Include="Resources.rc">
      <Filter>Resource Files</Filter>
    </ResourceCompile>
  </ItemGroup>
  <ItemGroup>
    <None Include="..\assets\passthru.frag">
      <Filter>assets</Filter>
    </None>
    <None Include="..\assets\passthru.vert">
      <Filter>assets</Filter>
    </None>
    <None Include="..\assets\mix.frag">
      <Filter>assets</Filter>
    </None>
    <None Include="..\assets\shadertoy.inc">
      <Filter>assets</Filter>
    </None>
    <None Include="..\assets\0.glsl">
      <Filter>assets</Filter>
    </None>
    <None Include="..\assets\1.glsl">
      <Filter>assets</Filter>
    </None>
    <None Include="..\assets\2.glsl">
      <Filter>assets</Filter>
    </None>
    <None Include="..\assets\3.glsl">
      <Filter>assets</Filter>
    </None>
    <None Include="..\assets\4.glsl">
      <Filter>assets</Filter>
    </None>
  </ItemGroup>
  <ItemGroup>
    <Xml Include="..\assets\Settings.xml">
      <Filter>assets</Filter>
    </Xml>
  </ItemGroup>
</Project>