<?xml version="1.0" encoding="utf-8"?>
<Project ToolsVersion="4.0" xmlns="http://schemas.microsoft.com/developer/msbuild/2003">
  <ItemGroup>
    <Filter Include="Source Files">
      <UniqueIdentifier>{4FC737F1-C7A5-4376-A066-2A32D752A2FF}</UniqueIdentifier>
      <Extensions>cpp;c;cc;cxx;def;odl;idl;hpj;bat;asm;asmx</Extensions>
    </Filter>
    <Filter Include="Header Files">
      <UniqueIdentifier>{93995380-89BD-4b04-88EB-625FBE52EBFB}</UniqueIdentifier>
      <Extensions>h;hpp;hxx;hm;inl;inc;xsd</Extensions>
    </Filter>
    <Filter Include="Resource Files">
      <UniqueIdentifier>{67DA6AB6-F800-4c08-8B7A-83BB121AAD01}</UniqueIdentifier>
      <Extensions>rc;ico;cur;bmp;dlg;rc2;rct;bin;rgs;gif;jpg;jpeg;jpe;resx;tiff;tif;png;wav</Extensions>
    </Filter>
    <Filter Include="Blocks">
      <UniqueIdentifier>{1E11D25A-5242-4514-9A08-74B3ECBAABAE}</UniqueIdentifier>
    </Filter>
    <Filter Include="Blocks\Cinder-Hap2">
      <UniqueIdentifier>{6D1311FE-59FB-4AD1-8FEA-6127929A58CB}</UniqueIdentifier>
    </Filter>
    <Filter Include="Blocks\Cinder-Hap2\src">
      <UniqueIdentifier>{0BD5BEE8-305F-418F-B557-0D85CE3766EF}</UniqueIdentifier>
    </Filter>
    <Filter Include="Blocks\ImGui">
      <UniqueIdentifier>{7D0A9238-EE16-4E44-8016-8835024F788F}</UniqueIdentifier>
    </Filter>
    <Filter Include="Blocks\ImGui\include">
      <UniqueIdentifier>{5B8CA9F7-0643-46DE-90DF-EB9ABA18DFDE}</UniqueIdentifier>
    </Filter>
    <Filter Include="Blocks\ImGui\lib">
      <UniqueIdentifier>{52A63AC3-2C77-427D-A876-776102F4D1AE}</UniqueIdentifier>
    </Filter>
    <Filter Include="Blocks\ImGui\lib\imgui">
      <UniqueIdentifier>{46A26932-E913-4209-A0CD-660177992AF0}</UniqueIdentifier>
    </Filter>
    <Filter Include="Blocks\ImGui\src">
      <UniqueIdentifier>{033BAC9A-A3C0-4A0C-87E4-1CE077830BF7}</UniqueIdentifier>
    </Filter>
    <Filter Include="Blocks\Midi2">
      <UniqueIdentifier>{237AB0D1-DE5E-4022-9B6A-4291BF88CF54}</UniqueIdentifier>
    </Filter>
    <Filter Include="Blocks\Midi2\include">
      <UniqueIdentifier>{DCA3E27A-D911-4E28-A144-D9DF32CC605F}</UniqueIdentifier>
    </Filter>
    <Filter Include="Blocks\Midi2\lib">
      <UniqueIdentifier>{B2E60C7A-2340-4FE3-8D33-BF94825BA353}</UniqueIdentifier>
    </Filter>
    <Filter Include="Blocks\Midi2\src">
      <UniqueIdentifier>{46DE8F62-DD42-46B8-AA9D-5893D0378B56}</UniqueIdentifier>
    </Filter>
    <Filter Include="Blocks\Reymenta">
      <UniqueIdentifier>{C3C420F4-0CFC-4EB7-877B-74AB25370098}</UniqueIdentifier>
    </Filter>
    <Filter Include="Blocks\Reymenta\include">
      <UniqueIdentifier>{6763BDAF-E65A-4533-AC34-35C14CFEB831}</UniqueIdentifier>
    </Filter>
    <Filter Include="Blocks\Reymenta\src">
      <UniqueIdentifier>{6C7AE638-61AA-4C6C-A5A5-B9CD96D5F4CE}</UniqueIdentifier>
    </Filter>
    <Filter Include="Blocks\Cinder-Warping">
      <UniqueIdentifier>{276AD3D6-0286-4C42-B145-950CDC9A9441}</UniqueIdentifier>
    </Filter>
    <Filter Include="Blocks\Cinder-Warping\include">
      <UniqueIdentifier>{8970D6F6-6506-4043-9184-3642277DC565}</UniqueIdentifier>
    </Filter>
    <Filter Include="Blocks\Cinder-Warping\src">
      <UniqueIdentifier>{AF5F0EF6-8E75-4826-9899-9F833312391E}</UniqueIdentifier>
    </Filter>
    <Filter Include="Blocks\Cinder-WebSocketPP">
      <UniqueIdentifier>{30E7631F-4E89-4DE4-8BBA-FA00F0CA8816}</UniqueIdentifier>
    </Filter>
    <Filter Include="Blocks\Cinder-WebSocketPP\src">
      <UniqueIdentifier>{06A1305C-0671-432A-B89E-E0BD831901D1}</UniqueIdentifier>
    </Filter>
    <Filter Include="Blocks\OSC">
      <UniqueIdentifier>{3AD2226E-6972-407C-AEB2-CD39551FFCED}</UniqueIdentifier>
    </Filter>
    <Filter Include="Blocks\OSC\src">
      <UniqueIdentifier>{CA89DEAA-61A4-4AB9-A896-7395ADCC06E1}</UniqueIdentifier>
    </Filter>
    <Filter Include="assets">
      <UniqueIdentifier>{445955d8-80f1-4a10-84d1-fdc5c73818fa}</UniqueIdentifier>
    </Filter>
    <Filter Include="assets\common">
      <UniqueIdentifier>{436f0f53-84ea-4d6d-a1cc-9ac0323fb276}</UniqueIdentifier>
    </Filter>
  </ItemGroup>
  <ItemGroup>
    <ClCompile Include="..\src\ReymentaMixnmapApp.cpp">
      <Filter>Source Files</Filter>
    </ClCompile>
    <ClInclude Include="..\include\Resources.h">
      <Filter>Header Files</Filter>
    </ClInclude>
    <ClCompile Include="..\src\ReymentaMixnmapApp.cpp">
      <Filter>Source Files</Filter>
    </ClCompile>
    <ClCompile Include="..\..\..\blocks\Cinder-Hap2\src\MovieHap.cpp">
      <Filter>Blocks\Cinder-Hap2\src</Filter>
    </ClCompile>
    <ClCompile Include="..\..\..\blocks\Cinder-Hap2\src\HapSupport.c">
      <Filter>Blocks\Cinder-Hap2\src</Filter>
    </ClCompile>
    <ClInclude Include="..\..\..\blocks\Cinder-Hap2\src\HapSupport.h">
      <Filter>Blocks\Cinder-Hap2\src</Filter>
    </ClInclude>
    <ClInclude Include="..\..\..\blocks\Cinder-Hap2\src\MovieHap.h">
      <Filter>Blocks\Cinder-Hap2\src</Filter>
    </ClInclude>
    <ClInclude Include="..\..\..\blocks\Cinder-ImGui\include\CinderImGui.h">
      <Filter>Blocks\ImGui\include</Filter>
    </ClInclude>
    <ClInclude Include="..\..\..\blocks\Cinder-ImGui\include\imgui_user.h">
      <Filter>Blocks\ImGui\include</Filter>
    </ClInclude>
    <ClInclude Include="..\..\..\blocks\Cinder-ImGui\include\imgui_user.inl">
      <Filter>Blocks\ImGui\include</Filter>
    </ClInclude>
    <ClInclude Include="..\..\..\blocks\Cinder-ImGui\lib\imgui\imconfig.h">
      <Filter>Blocks\ImGui\lib\imgui</Filter>
    </ClInclude>
    <ClInclude Include="..\..\..\blocks\Cinder-ImGui\lib\imgui\imgui.h">
      <Filter>Blocks\ImGui\lib\imgui</Filter>
    </ClInclude>
    <ClInclude Include="..\..\..\blocks\Cinder-ImGui\lib\imgui\imgui_internal.h">
      <Filter>Blocks\ImGui\lib\imgui</Filter>
    </ClInclude>
    <ClCompile Include="..\..\..\blocks\Cinder-ImGui\src\CinderImGui.cpp">
      <Filter>Blocks\ImGui\src</Filter>
    </ClCompile>
    <ClCompile Include="..\..\..\blocks\Cinder-ImGui\lib\imgui\imgui.cpp">
      <Filter>Blocks\ImGui\lib\imgui</Filter>
    </ClCompile>
    <ClCompile Include="..\..\..\blocks\Cinder-ImGui\lib\imgui\imgui_draw.cpp">
      <Filter>Blocks\ImGui\lib\imgui</Filter>
    </ClCompile>
    <ClCompile Include="..\..\..\blocks\Cinder-ImGui\lib\imgui\imgui_demo.cpp">
      <Filter>Blocks\ImGui\lib\imgui</Filter>
    </ClCompile>
    <ClInclude Include="..\..\..\blocks\Cinder-MIDI2\include\CinderMidi.h">
      <Filter>Blocks\Midi2\include</Filter>
    </ClInclude>
    <ClInclude Include="..\..\..\blocks\Cinder-MIDI2\include\MidiExceptions.h">
      <Filter>Blocks\Midi2\include</Filter>
    </ClInclude>
    <ClInclude Include="..\..\..\blocks\Cinder-MIDI2\include\MidiHub.h">
      <Filter>Blocks\Midi2\include</Filter>
    </ClInclude>
    <ClInclude Include="..\..\..\blocks\Cinder-MIDI2\include\MidiOut.h">
      <Filter>Blocks\Midi2\include</Filter>
    </ClInclude>
    <ClInclude Include="..\..\..\blocks\Cinder-MIDI2\lib\RtMidi.h">
      <Filter>Blocks\Midi2\lib</Filter>
    </ClInclude>
    <ClCompile Include="..\..\..\blocks\Cinder-MIDI2\lib\RtMidi.cpp">
      <Filter>Blocks\Midi2\lib</Filter>
    </ClCompile>
    <ClCompile Include="..\..\..\blocks\Cinder-MIDI2\src\MidiHub.cpp">
      <Filter>Blocks\Midi2\src</Filter>
    </ClCompile>
    <ClCompile Include="..\..\..\blocks\Cinder-MIDI2\src\CinderMidi.cpp">
      <Filter>Blocks\Midi2\src</Filter>
    </ClCompile>
    <ClCompile Include="..\..\..\blocks\Cinder-MIDI2\src\MidiOut.cpp">
      <Filter>Blocks\Midi2\src</Filter>
    </ClCompile>
    <ClInclude Include="..\..\..\blocks\Cinder-Reymenta\include\AudioWrapper.h">
      <Filter>Blocks\Reymenta\include</Filter>
    </ClInclude>
    <ClInclude Include="..\..\..\blocks\Cinder-Reymenta\include\Batchass.h">
      <Filter>Blocks\Reymenta\include</Filter>
    </ClInclude>
    <ClInclude Include="..\..\..\blocks\Cinder-Reymenta\include\JSONWrapper.h">
      <Filter>Blocks\Reymenta\include</Filter>
    </ClInclude>
    <ClInclude Include="..\..\..\blocks\Cinder-Reymenta\include\Logan.h">
      <Filter>Blocks\Reymenta\include</Filter>
    </ClInclude>
    <ClInclude Include="..\..\..\blocks\Cinder-Reymenta\include\lz4.h">
      <Filter>Blocks\Reymenta\include</Filter>
    </ClInclude>
    <ClInclude Include="..\..\..\blocks\Cinder-Reymenta\include\lz4frame.h">
      <Filter>Blocks\Reymenta\include</Filter>
    </ClInclude>
    <ClInclude Include="..\..\..\blocks\Cinder-Reymenta\include\lz4frame_static.h">
      <Filter>Blocks\Reymenta\include</Filter>
    </ClInclude>
    <ClInclude Include="..\..\..\blocks\Cinder-Reymenta\include\lz4hc.h">
      <Filter>Blocks\Reymenta\include</Filter>
    </ClInclude>
    <ClInclude Include="..\..\..\blocks\Cinder-Reymenta\include\MessageRouter.h">
      <Filter>Blocks\Reymenta\include</Filter>
    </ClInclude>
    <ClInclude Include="..\..\..\blocks\Cinder-Reymenta\include\ParameterBag.h">
      <Filter>Blocks\Reymenta\include</Filter>
    </ClInclude>
    <ClInclude Include="..\..\..\blocks\Cinder-Reymenta\include\Shaders.h">
      <Filter>Blocks\Reymenta\include</Filter>
    </ClInclude>
    <ClInclude Include="..\..\..\blocks\Cinder-Reymenta\include\SpoutWrapper.h">
      <Filter>Blocks\Reymenta\include</Filter>
    </ClInclude>
    <ClInclude Include="..\..\..\blocks\Cinder-Reymenta\include\Textures.h">
      <Filter>Blocks\Reymenta\include</Filter>
    </ClInclude>
    <ClInclude Include="..\..\..\blocks\Cinder-Reymenta\include\WarpWrapper.h">
      <Filter>Blocks\Reymenta\include</Filter>
    </ClInclude>
    <ClInclude Include="..\..\..\blocks\Cinder-Reymenta\include\Watchdog.h">
      <Filter>Blocks\Reymenta\include</Filter>
    </ClInclude>
    <ClInclude Include="..\..\..\blocks\Cinder-Reymenta\include\xxhash.h">
      <Filter>Blocks\Reymenta\include</Filter>
    </ClInclude>
    <ClCompile Include="..\..\..\blocks\Cinder-Reymenta\src\AudioWrapper.cpp">
      <Filter>Blocks\Reymenta\src</Filter>
    </ClCompile>
    <ClCompile Include="..\..\..\blocks\Cinder-Reymenta\src\Batchass.cpp">
      <Filter>Blocks\Reymenta\src</Filter>
    </ClCompile>
    <ClCompile Include="..\..\..\blocks\Cinder-Reymenta\src\JSONWrapper.cpp">
      <Filter>Blocks\Reymenta\src</Filter>
    </ClCompile>
    <ClCompile Include="..\..\..\blocks\Cinder-Reymenta\src\Logan.cpp">
      <Filter>Blocks\Reymenta\src</Filter>
    </ClCompile>
    <ClCompile Include="..\..\..\blocks\Cinder-Reymenta\src\MessageRouter.cpp">
      <Filter>Blocks\Reymenta\src</Filter>
    </ClCompile>
    <ClCompile Include="..\..\..\blocks\Cinder-Reymenta\src\ParameterBag.cpp">
      <Filter>Blocks\Reymenta\src</Filter>
    </ClCompile>
    <ClCompile Include="..\..\..\blocks\Cinder-Reymenta\src\Shaders.cpp">
      <Filter>Blocks\Reymenta\src</Filter>
    </ClCompile>
    <ClCompile Include="..\..\..\blocks\Cinder-Reymenta\src\SpoutWrapper.cpp">
      <Filter>Blocks\Reymenta\src</Filter>
    </ClCompile>
    <ClCompile Include="..\..\..\blocks\Cinder-Reymenta\src\Textures.cpp">
      <Filter>Blocks\Reymenta\src</Filter>
    </ClCompile>
    <ClCompile Include="..\..\..\blocks\Cinder-Reymenta\src\WarpWrapper.cpp">
      <Filter>Blocks\Reymenta\src</Filter>
    </ClCompile>
    <ClCompile Include="..\..\..\blocks\Cinder-Reymenta\src\lz4.c">
      <Filter>Blocks\Reymenta\src</Filter>
    </ClCompile>
    <ClCompile Include="..\..\..\blocks\Cinder-Reymenta\src\lz4frame.c">
      <Filter>Blocks\Reymenta\src</Filter>
    </ClCompile>
    <ClCompile Include="..\..\..\blocks\Cinder-Reymenta\src\lz4hc.c">
      <Filter>Blocks\Reymenta\src</Filter>
    </ClCompile>
    <ClCompile Include="..\..\..\blocks\Cinder-Reymenta\src\xxhash.c">
      <Filter>Blocks\Reymenta\src</Filter>
    </ClCompile>
    <ClInclude Include="..\..\..\blocks\Cinder-Warping\include\Warp.h">
      <Filter>Blocks\Cinder-Warping\include</Filter>
    </ClInclude>
    <ClCompile Include="..\..\..\blocks\Cinder-Warping\src\Warp.cpp">
      <Filter>Blocks\Cinder-Warping\src</Filter>
    </ClCompile>
    <ClCompile Include="..\..\..\blocks\Cinder-Warping\src\WarpBilinear.cpp">
      <Filter>Blocks\Cinder-Warping\src</Filter>
    </ClCompile>
    <ClCompile Include="..\..\..\blocks\Cinder-Warping\src\WarpPerspective.cpp">
      <Filter>Blocks\Cinder-Warping\src</Filter>
    </ClCompile>
    <ClCompile Include="..\..\..\blocks\Cinder-Warping\src\WarpPerspectiveBilinear.cpp">
      <Filter>Blocks\Cinder-Warping\src</Filter>
    </ClCompile>
    <ClCompile Include="..\..\..\blocks\Cinder-WebSocketPP\src\WebSocketClient.cpp">
      <Filter>Blocks\Cinder-WebSocketPP\src</Filter>
    </ClCompile>
    <ClCompile Include="..\..\..\blocks\Cinder-WebSocketPP\src\WebSocketConnection.cpp">
      <Filter>Blocks\Cinder-WebSocketPP\src</Filter>
    </ClCompile>
    <ClCompile Include="..\..\..\blocks\Cinder-WebSocketPP\src\WebSocketServer.cpp">
      <Filter>Blocks\Cinder-WebSocketPP\src</Filter>
    </ClCompile>
    <ClInclude Include="..\..\..\blocks\Cinder-WebSocketPP\src\WebSocketClient.h">
      <Filter>Blocks\Cinder-WebSocketPP\src</Filter>
    </ClInclude>
    <ClInclude Include="..\..\..\blocks\Cinder-WebSocketPP\src\WebSocketConnection.h">
      <Filter>Blocks\Cinder-WebSocketPP\src</Filter>
    </ClInclude>
    <ClInclude Include="..\..\..\blocks\Cinder-WebSocketPP\src\WebSocketServer.h">
      <Filter>Blocks\Cinder-WebSocketPP\src</Filter>
    </ClInclude>
    <ClCompile Include="..\src\AppConsole.cpp">
      <Filter>Source Files</Filter>
    </ClCompile>
    <ClCompile Include="..\..\..\blocks\OSC\src\Osc.cpp">
      <Filter>Blocks\OSC\src</Filter>
    </ClCompile>
  </ItemGroup>
  <ItemGroup>
    <ClInclude Include="..\include\Resources.h">
      <Filter>Header Files</Filter>
    </ClInclude>
    <ClInclude Include="..\include\ReymentaMixnmapApp.h">
      <Filter>Header Files</Filter>
    </ClInclude>
    <ClInclude Include="..\include\AppConsole.h">
      <Filter>Header Files</Filter>
    </ClInclude>
    <ClInclude Include="..\..\..\blocks\OSC\src\Osc.h">
      <Filter>Blocks\OSC\src</Filter>
    </ClInclude>
  </ItemGroup>
  <ItemGroup>
    <ResourceCompile Include="Resources.rc">
      <Filter>Resource Files</Filter>
    </ResourceCompile>
  </ItemGroup>
  <ItemGroup>
    <None Include="..\..\..\..\..\assets\common\shadertoy.vert">
      <Filter>assets\common</Filter>
    </None>
    <None Include="..\..\..\..\..\assets\common\shadertoy.frag">
      <Filter>assets\common</Filter>
    </None>
    <None Include="..\..\..\..\..\assets\0.glsl">
      <Filter>assets</Filter>
    </None>
    <None Include="..\..\..\..\..\assets\bubbles.glsl">
      <Filter>assets</Filter>
    </None>
    <None Include="..\..\..\..\..\assets\shadertoy.inc">
      <Filter>assets</Filter>
    </None>
  </ItemGroup>
</Project>