<Project ToolsVersion="4.0" xmlns="http://schemas.microsoft.com/developer/msbuild/2003">
  <ItemGroup>
    <Filter Include="Source Files">
      <UniqueIdentifier>{4FC737F1-C7A5-4376-A066-2A32D752A2FF}</UniqueIdentifier>
      <Extensions>cpp;c;cc;cxx;def;odl;idl;hpj;bat;asm;asmx</Extensions>
    </Filter>
    <Filter Include="Header Files">
      <UniqueIdentifier>{93995380-89BD-4b04-88EB-625FBE52EBFB}</UniqueIdentifier>
      <Extensions>h;hpp;hxx;hm;inl;inc;xsd</Extensions>
    </Filter>
    <Filter Include="Resource Files">
      <UniqueIdentifier>{67DA6AB6-F800-4c08-8B7A-83BB121AAD01}</UniqueIdentifier>
      <Extensions>rc;ico;cur;bmp;dlg;rc2;rct;bin;rgs;gif;jpg;jpeg;jpe;resx;tiff;tif;png;wav</Extensions>
    </Filter>
    <Filter Include="Blocks">
      <UniqueIdentifier>{32E47542-BECF-4071-A014-C9F70AFFD573}</UniqueIdentifier>
    </Filter>
    <Filter Include="Blocks\MinimalUI">
      <UniqueIdentifier>{5EDF2EB3-78F7-4F16-B744-3C6060B62565}</UniqueIdentifier>
    </Filter>
    <Filter Include="Blocks\MinimalUI\src">
      <UniqueIdentifier>{BCAE7950-ACCA-4A99-A05B-830500856F67}</UniqueIdentifier>
    </Filter>
    <Filter Include="Blocks\MinimalUI\include">
      <UniqueIdentifier>{627D4D0E-9548-45B2-B3F4-B2F4BF3814F1}</UniqueIdentifier>
    </Filter>
    <Filter Include="Blocks\Warping">
      <UniqueIdentifier>{97E19270-4D83-4E8E-A812-F69050A27463}</UniqueIdentifier>
    </Filter>
    <Filter Include="Blocks\Warping\include">
      <UniqueIdentifier>{1852CDAD-2D58-4F33-99AC-45DB8B95F13B}</UniqueIdentifier>
    </Filter>
    <Filter Include="Blocks\Warping\src">
      <UniqueIdentifier>{484AFCA5-C0E5-4A39-BFF0-3F88CBE578A8}</UniqueIdentifier>
    </Filter>
    <Filter Include="Blocks\OpenCV">
      <UniqueIdentifier>{37FEA27B-566A-4707-9589-077BBFC03202}</UniqueIdentifier>
    </Filter>
    <Filter Include="Blocks\OpenCV\include">
      <UniqueIdentifier>{5977D054-ABEA-41FF-8CFD-9CD7FF585B53}</UniqueIdentifier>
    </Filter>
    <Filter Include="Blocks\OSC">
      <UniqueIdentifier>{68F2FEBD-0516-4782-8735-3437E7CCA213}</UniqueIdentifier>
    </Filter>
    <Filter Include="Blocks\OSC\src">
      <UniqueIdentifier>{36D601BB-9759-4765-8F20-9C9BD0EF6063}</UniqueIdentifier>
    </Filter>
    <Filter Include="Blocks\OSC\src\ip">
      <UniqueIdentifier>{9033F9B7-EDCA-4AD3-9C49-6E96B882C081}</UniqueIdentifier>
    </Filter>
    <Filter Include="Blocks\OSC\src\osc">
      <UniqueIdentifier>{0E6BAD30-CADC-498A-A8A0-6F8F4AB8781C}</UniqueIdentifier>
    </Filter>
    <Filter Include="Blocks\OSC\src\ip\win32">
      <UniqueIdentifier>{7285B711-B77F-44E6-850A-115E1EA104AB}</UniqueIdentifier>
    </Filter>
  </ItemGroup>
  <ItemGroup>
    <ClCompile Include="..\src\MixnMapApp.cpp">
      <Filter>Source Files</Filter>
    </ClCompile>
    <ClInclude Include="..\include\Resources.h">
      <Filter>Header Files</Filter>
    </ClInclude>
    <ClCompile Include="..\src\MixnMapApp.cpp">
      <Filter>Source Files</Filter>
    </ClCompile>
    <ClCompile Include="..\..\..\blocks\Cinder-MinimalUI\src\Button.cpp">
      <Filter>Blocks\MinimalUI\src</Filter>
    </ClCompile>
    <ClInclude Include="..\..\..\blocks\Cinder-MinimalUI\include\Button.h">
      <Filter>Blocks\MinimalUI\include</Filter>
    </ClInclude>
    <ClCompile Include="..\..\..\blocks\Cinder-MinimalUI\src\Label.cpp">
      <Filter>Blocks\MinimalUI\src</Filter>
    </ClCompile>
    <ClInclude Include="..\..\..\blocks\Cinder-MinimalUI\include\Label.h">
      <Filter>Blocks\MinimalUI\include</Filter>
    </ClInclude>
    <ClCompile Include="..\..\..\blocks\Cinder-MinimalUI\src\Slider.cpp">
      <Filter>Blocks\MinimalUI\src</Filter>
    </ClCompile>
    <ClInclude Include="..\..\..\blocks\Cinder-MinimalUI\include\Slider.h">
      <Filter>Blocks\MinimalUI\include</Filter>
    </ClInclude>
    <ClCompile Include="..\..\..\blocks\Cinder-MinimalUI\src\Graph.cpp">
      <Filter>Blocks\MinimalUI\src</Filter>
    </ClCompile>
    <ClInclude Include="..\..\..\blocks\Cinder-MinimalUI\include\Graph.h">
      <Filter>Blocks\MinimalUI\include</Filter>
    </ClInclude>
    <ClCompile Include="..\..\..\blocks\Cinder-MinimalUI\src\Image.cpp">
      <Filter>Blocks\MinimalUI\src</Filter>
    </ClCompile>
    <ClInclude Include="..\..\..\blocks\Cinder-MinimalUI\include\Image.h">
      <Filter>Blocks\MinimalUI\include</Filter>
    </ClInclude>
    <ClCompile Include="..\..\..\blocks\Cinder-MinimalUI\src\UIController.cpp">
      <Filter>Blocks\MinimalUI\src</Filter>
    </ClCompile>
    <ClInclude Include="..\..\..\blocks\Cinder-MinimalUI\include\UIController.h">
      <Filter>Blocks\MinimalUI\include</Filter>
    </ClInclude>
    <ClCompile Include="..\..\..\blocks\Cinder-MinimalUI\src\UIElement.cpp">
      <Filter>Blocks\MinimalUI\src</Filter>
    </ClCompile>
    <ClInclude Include="..\..\..\blocks\Cinder-MinimalUI\include\UIElement.h">
      <Filter>Blocks\MinimalUI\include</Filter>
    </ClInclude>
    <ClInclude Include="..\..\..\blocks\Cinder-Warping\include\Warp.h">
      <Filter>Blocks\Warping\include</Filter>
    </ClInclude>
    <ClInclude Include="..\..\..\blocks\Cinder-Warping\include\WarpBilinear.h">
      <Filter>Blocks\Warping\include</Filter>
    </ClInclude>
    <ClInclude Include="..\..\..\blocks\Cinder-Warping\include\WarpPerspective.h">
      <Filter>Blocks\Warping\include</Filter>
    </ClInclude>
    <ClInclude Include="..\..\..\blocks\Cinder-Warping\include\WarpPerspectiveBilinear.h">
      <Filter>Blocks\Warping\include</Filter>
    </ClInclude>
    <ClCompile Include="..\..\..\blocks\Cinder-Warping\src\Warp.cpp">
      <Filter>Blocks\Warping\src</Filter>
    </ClCompile>
    <ClCompile Include="..\..\..\blocks\Cinder-Warping\src\WarpBilinear.cpp">
      <Filter>Blocks\Warping\src</Filter>
    </ClCompile>
    <ClCompile Include="..\..\..\blocks\Cinder-Warping\src\WarpPerspective.cpp">
      <Filter>Blocks\Warping\src</Filter>
    </ClCompile>
    <ClCompile Include="..\..\..\blocks\Cinder-Warping\src\WarpPerspectiveBilinear.cpp">
      <Filter>Blocks\Warping\src</Filter>
    </ClCompile>
    <ClInclude Include="..\..\..\blocks\OpenCV\include\CinderOpenCV.h">
      <Filter>Blocks\OpenCV\include</Filter>
    </ClInclude>
    <ClCompile Include="..\..\..\blocks\OSC\src\OscBundle.cpp">
      <Filter>Blocks\OSC\src</Filter>
    </ClCompile>
    <ClCompile Include="..\..\..\blocks\OSC\src\OscListener.cpp">
      <Filter>Blocks\OSC\src</Filter>
    </ClCompile>
    <ClCompile Include="..\..\..\blocks\OSC\src\OscMessage.cpp">
      <Filter>Blocks\OSC\src</Filter>
    </ClCompile>
    <ClCompile Include="..\..\..\blocks\OSC\src\OscSender.cpp">
      <Filter>Blocks\OSC\src</Filter>
    </ClCompile>
    <ClCompile Include="..\..\..\blocks\OSC\src\ip\IpEndpointName.cpp">
      <Filter>Blocks\OSC\src\ip</Filter>
    </ClCompile>
    <ClCompile Include="..\..\..\blocks\OSC\src\osc\OscOutboundPacketStream.cpp">
      <Filter>Blocks\OSC\src\osc</Filter>
    </ClCompile>
    <ClCompile Include="..\..\..\blocks\OSC\src\osc\OscPrintReceivedElements.cpp">
      <Filter>Blocks\OSC\src\osc</Filter>
    </ClCompile>
    <ClCompile Include="..\..\..\blocks\OSC\src\osc\OscReceivedElements.cpp">
      <Filter>Blocks\OSC\src\osc</Filter>
    </ClCompile>
    <ClCompile Include="..\..\..\blocks\OSC\src\osc\OscTypes.cpp">
      <Filter>Blocks\OSC\src\osc</Filter>
    </ClCompile>
    <ClInclude Include="..\..\..\blocks\OSC\src\OscArg.h">
      <Filter>Blocks\OSC\src</Filter>
    </ClInclude>
    <ClInclude Include="..\..\..\blocks\OSC\src\OscBundle.h">
      <Filter>Blocks\OSC\src</Filter>
    </ClInclude>
    <ClInclude Include="..\..\..\blocks\OSC\src\OscListener.h">
      <Filter>Blocks\OSC\src</Filter>
    </ClInclude>
    <ClInclude Include="..\..\..\blocks\OSC\src\OscMessage.h">
      <Filter>Blocks\OSC\src</Filter>
    </ClInclude>
    <ClInclude Include="..\..\..\blocks\OSC\src\OscSender.h">
      <Filter>Blocks\OSC\src</Filter>
    </ClInclude>
    <ClInclude Include="..\..\..\blocks\OSC\src\ip\IpEndpointName.h">
      <Filter>Blocks\OSC\src\ip</Filter>
    </ClInclude>
    <ClInclude Include="..\..\..\blocks\OSC\src\ip\NetworkingUtils.h">
      <Filter>Blocks\OSC\src\ip</Filter>
    </ClInclude>
    <ClInclude Include="..\..\..\blocks\OSC\src\ip\PacketListener.h">
      <Filter>Blocks\OSC\src\ip</Filter>
    </ClInclude>
    <ClInclude Include="..\..\..\blocks\OSC\src\ip\TimerListener.h">
      <Filter>Blocks\OSC\src\ip</Filter>
    </ClInclude>
    <ClInclude Include="..\..\..\blocks\OSC\src\ip\UdpSocket.h">
      <Filter>Blocks\OSC\src\ip</Filter>
    </ClInclude>
    <ClInclude Include="..\..\..\blocks\OSC\src\osc\MessageMappingOscPacketListener.h">
      <Filter>Blocks\OSC\src\osc</Filter>
    </ClInclude>
    <ClInclude Include="..\..\..\blocks\OSC\src\osc\OscException.h">
      <Filter>Blocks\OSC\src\osc</Filter>
    </ClInclude>
    <ClInclude Include="..\..\..\blocks\OSC\src\osc\OscHostEndianness.h">
      <Filter>Blocks\OSC\src\osc</Filter>
    </ClInclude>
    <ClInclude Include="..\..\..\blocks\OSC\src\osc\OscOutboundPacketStream.h">
      <Filter>Blocks\OSC\src\osc</Filter>
    </ClInclude>
    <ClInclude Include="..\..\..\blocks\OSC\src\osc\OscPacketListener.h">
      <Filter>Blocks\OSC\src\osc</Filter>
    </ClInclude>
    <ClInclude Include="..\..\..\blocks\OSC\src\osc\OscPrintReceivedElements.h">
      <Filter>Blocks\OSC\src\osc</Filter>
    </ClInclude>
    <ClInclude Include="..\..\..\blocks\OSC\src\osc\OscReceivedElements.h">
      <Filter>Blocks\OSC\src\osc</Filter>
    </ClInclude>
    <ClInclude Include="..\..\..\blocks\OSC\src\osc\OscTypes.h">
      <Filter>Blocks\OSC\src\osc</Filter>
    </ClInclude>
    <ClCompile Include="..\..\..\blocks\OSC\src\ip\win32\NetworkingUtils.cpp">
      <Filter>Blocks\OSC\src\ip\win32</Filter>
    </ClCompile>
    <ClCompile Include="..\..\..\blocks\OSC\src\ip\win32\UdpSocket.cpp">
      <Filter>Blocks\OSC\src\ip\win32</Filter>
    </ClCompile>
  </ItemGroup>
  <ItemGroup>
    <ClInclude Include="..\include\Resources.h">
      <Filter>Header Files</Filter>
    </ClInclude>
  </ItemGroup>
  <ItemGroup>
    <ResourceCompile Include="Resources.rc">
      <Filter>Resource Files</Filter>
    </ResourceCompile>
  </ItemGroup>
</Project>
